{
  "version": "2",
  "remote": {
    "https://cdn.esm.sh/v77/preact@10.7.1/deno/jsx-runtime.js": "459df0d2500481d01aa8d53a0a26ae0951dfe919f092c656a6d3352e23954f2e",
    "https://cdn.esm.sh/v77/preact@10.7.1/deno/preact.js": "fb386f5e54f1809c32880de514835aa732c42b17e343ddbab0783b378ea8496e",
    "https://cdn.esm.sh/v77/preact@10.7.1/jsx-runtime/src/index.d.ts": "e153460ed2b3fe2ad8b93696ecd48fbf73cd628b0b0ea6692b71804a3af69dfd",
    "https://cdn.esm.sh/v77/preact@10.7.1/src/index.d.ts": "cd4a850a1901e3d690cafa55c85333a08734f288e4ac0348325a0887722f7399",
    "https://cdn.esm.sh/v77/preact@10.7.1/src/jsx.d.ts": "3693adcbd3b8ef0308d3187aca29eb9fb8c9c39ba2fc179d7dd229fc49b63418",
    "https://deno.land/std@0.126.0/async/deadline.ts": "edbdf6cd7a5e3337c4c24c9b616491f8f1d61d36fc415d5d5b4af33557de0d23",
    "https://deno.land/std@0.126.0/async/debounce.ts": "3cf9306b4e9038ee3238111e338f412ecf3541b1a97ba9fc1f960be8af5a5f39",
    "https://deno.land/std@0.126.0/async/deferred.ts": "677692a2399d4cabbc45e06abe4f585afd6196c59e24a98edb866598af9f0eef",
    "https://deno.land/std@0.126.0/async/delay.ts": "f38013c800f5129b14fdbf41fb4f4fbaf9525f69f4266946e14d0cf57c830b0c",
    "https://deno.land/std@0.126.0/async/mod.ts": "a28709190a1966cb50e5815ef269bb588ee192373cde73b1096641820dc52a36",
    "https://deno.land/std@0.126.0/async/mux_async_iterator.ts": "35561f258d32c77170f9d1faf3d650890fb6502d5fe12f505c050b4ea1aee899",
    "https://deno.land/std@0.126.0/async/pool.ts": "97b0dd27c69544e374df857a40902e74e39532f226005543eabacb551e277082",
    "https://deno.land/std@0.126.0/async/tee.ts": "518c7bfd5184c8cd92b47115026a6a2243e81d83e2c3e71c2aa5cdb5988998b1",
    "https://deno.land/std@0.126.0/http/server.ts": "10c3a7814666cdbabd6f9c18acdcc4593e222275a628280a4868881445fbb5bc",
    "https://deno.land/std@0.140.0/_util/assert.ts": "e94f2eb37cebd7f199952e242c77654e43333c1ac4c5c700e929ea3aa5489f74",
    "https://deno.land/std@0.140.0/_util/os.ts": "3b4c6e27febd119d36a416d7a97bd3b0251b77c88942c8f16ee5953ea13e2e49",
    "https://deno.land/std@0.140.0/async/abortable.ts": "87aa7230be8360c24ad437212311c9e8d4328854baec27b4c7abb26e85515c06",
    "https://deno.land/std@0.140.0/async/deadline.ts": "48ac998d7564969f3e6ec6b6f9bf0217ebd00239b1b2292feba61272d5dd58d0",
    "https://deno.land/std@0.140.0/async/debounce.ts": "564273ef242bcfcda19a439132f940db8694173abffc159ea34f07d18fc42620",
    "https://deno.land/std@0.140.0/async/deferred.ts": "bc18e28108252c9f67dfca2bbc4587c3cbf3aeb6e155f8c864ca8ecff992b98a",
    "https://deno.land/std@0.140.0/async/delay.ts": "cbbdf1c87d1aed8edc7bae13592fb3e27e3106e0748f089c263390d4f49e5f6c",
    "https://deno.land/std@0.140.0/async/mod.ts": "6e42e275b44367361a81842dd1a789c55ab206d7c8a877d7163ab5c460625be6",
    "https://deno.land/std@0.140.0/async/mux_async_iterator.ts": "f4d1d259b0c694d381770ddaaa4b799a94843eba80c17f4a2ec2949168e52d1e",
    "https://deno.land/std@0.140.0/async/pool.ts": "97b0dd27c69544e374df857a40902e74e39532f226005543eabacb551e277082",
    "https://deno.land/std@0.140.0/async/tee.ts": "1341feb1f5b1a96f8628d0f8fc07d8c43d3813423f18a63bf1b4785568d21b1f",
    "https://deno.land/std@0.140.0/encoding/hex.ts": "7f023e1e51cfd6b189682e602e8640939e7be71a300a2fcf3daf8f84dc609bbc",
    "https://deno.land/std@0.140.0/flags/mod.ts": "019df8a63ed24df2d10be22e8983aa9253623e871228a2f8f328ff2d0404f7ef",
    "https://deno.land/std@0.140.0/fmt/colors.ts": "30455035d6d728394781c10755351742dd731e3db6771b1843f9b9e490104d37",
    "https://deno.land/std@0.140.0/http/file_server.ts": "c1f0af1c846dabe5a930afff1c7fa6a8eaa9ad8b2573ceeca78d2668f6e9f50e",
    "https://deno.land/std@0.140.0/http/http_status.ts": "71838ad33cb03ff2575f5e8fdea5f930979cdff8a81c11ade497f11d4c026019",
    "https://deno.land/std@0.140.0/http/server.ts": "3da75405704bebcf212a55966a68a489f7e094ba52b5d38f181fe0ef8461a55d",
    "https://deno.land/std@0.140.0/path/_constants.ts": "df1db3ffa6dd6d1252cc9617e5d72165cd2483df90e93833e13580687b6083c3",
    "https://deno.land/std@0.140.0/path/_interface.ts": "ee3b431a336b80cf445441109d089b70d87d5e248f4f90ff906820889ecf8d09",
    "https://deno.land/std@0.140.0/path/_util.ts": "c1e9686d0164e29f7d880b2158971d805b6e0efc3110d0b3e24e4b8af2190d2b",
    "https://deno.land/std@0.140.0/path/common.ts": "bee563630abd2d97f99d83c96c2fa0cca7cee103e8cb4e7699ec4d5db7bd2633",
    "https://deno.land/std@0.140.0/path/glob.ts": "cb5255638de1048973c3e69e420c77dc04f75755524cb3b2e160fe9277d939ee",
    "https://deno.land/std@0.140.0/path/mod.ts": "d3e68d0abb393fb0bf94a6d07c46ec31dc755b544b13144dee931d8d5f06a52d",
    "https://deno.land/std@0.140.0/path/posix.ts": "293cdaec3ecccec0a9cc2b534302dfe308adb6f10861fa183275d6695faace44",
    "https://deno.land/std@0.140.0/path/separator.ts": "fe1816cb765a8068afb3e8f13ad272351c85cbc739af56dacfc7d93d710fe0f9",
    "https://deno.land/std@0.140.0/path/win32.ts": "31811536855e19ba37a999cd8d1b62078235548d67902ece4aa6b814596dd757",
    "https://deno.land/std@0.165.0/_util/asserts.ts": "d0844e9b62510f89ce1f9878b046f6a57bf88f208a10304aab50efcb48365272",
    "https://deno.land/std@0.165.0/_util/os.ts": "8a33345f74990e627b9dfe2de9b040004b08ea5146c7c9e8fe9a29070d193934",
    "https://deno.land/std@0.165.0/async/abortable.ts": "87aa7230be8360c24ad437212311c9e8d4328854baec27b4c7abb26e85515c06",
    "https://deno.land/std@0.165.0/async/deadline.ts": "48ac998d7564969f3e6ec6b6f9bf0217ebd00239b1b2292feba61272d5dd58d0",
    "https://deno.land/std@0.165.0/async/debounce.ts": "dc8b92d4a4fe7eac32c924f2b8d3e62112530db70cadce27042689d82970b350",
    "https://deno.land/std@0.165.0/async/deferred.ts": "d8fb253ffde2a056e4889ef7e90f3928f28be9f9294b6505773d33f136aab4e6",
    "https://deno.land/std@0.165.0/async/delay.ts": "0419dfc993752849692d1f9647edf13407c7facc3509b099381be99ffbc9d699",
    "https://deno.land/std@0.165.0/async/mod.ts": "dd0a8ed4f3984ffabe2fcca7c9f466b7932d57b1864ffee148a5d5388316db6b",
    "https://deno.land/std@0.165.0/async/mux_async_iterator.ts": "3447b28a2a582224a3d4d3596bccbba6e85040da3b97ed64012f7decce98d093",
    "https://deno.land/std@0.165.0/async/pool.ts": "ef9eb97b388543acbf0ac32647121e4dbe629236899586c4d4311a8770fbb239",
    "https://deno.land/std@0.165.0/async/tee.ts": "9af3a3e7612af75861308b52249e167f5ebc3dcfc8a1a4d45462d96606ee2b70",
    "https://deno.land/std@0.165.0/bytes/bytes_list.ts": "aba5e2369e77d426b10af1de0dcc4531acecec27f9b9056f4f7bfbf8ac147ab4",
    "https://deno.land/std@0.165.0/bytes/equals.ts": "3c3558c3ae85526f84510aa2b48ab2ad7bdd899e2e0f5b7a8ffc85acb3a6043a",
    "https://deno.land/std@0.165.0/bytes/mod.ts": "b2e342fd3669176a27a4e15061e9d588b89c1aaf5008ab71766e23669565d179",
    "https://deno.land/std@0.165.0/crypto/timing_safe_equal.ts": "3784958e40a5fe10429a68b75cc5f8d34356bf0bc2eb93c80c3033e2a6f17821",
    "https://deno.land/std@0.165.0/encoding/base64.ts": "c57868ca7fa2fbe919f57f88a623ad34e3d970d675bdc1ff3a9d02bba7409db2",
    "https://deno.land/std@0.165.0/encoding/base64url.ts": "a5f82a9fa703bd85a5eb8e7c1296bc6529e601ebd9642cc2b5eaa6b38fa9e05a",
    "https://deno.land/std@0.165.0/flags/mod.ts": "3b459daf581e047819b6b799c92b96c81b4eecbd5ea025643d54dc0abc6ac923",
    "https://deno.land/std@0.165.0/io/buffer.ts": "245f1762a949082ddc0a6e9b15589d0be2d29c150266decd04320b8a8318f9f6",
    "https://deno.land/std@0.165.0/io/types.d.ts": "107e1e64834c5ba917c783f446b407d33432c5d612c4b3430df64fc2b4ecf091",
    "https://deno.land/std@0.165.0/node/_core.ts": "cd45c0cfa412ff57762b600710574a46f923dfa372003d9dfe52304000393b9b",
    "https://deno.land/std@0.165.0/node/_events.d.ts": "3899ee9c37055fbb750e32cb43d7c435077c04446af948300080e1a590c6edf0",
    "https://deno.land/std@0.165.0/node/_events.mjs": "303e8aa60ace559e4ca0d19e8475f87311bee9e8330b4b497644d70f2002fc27",
    "https://deno.land/std@0.165.0/node/_global.d.ts": "6dadaf8cec2a0c506b22170617286e0bdc80be53dd0673e67fc7dd37a1130c68",
    "https://deno.land/std@0.165.0/node/_next_tick.ts": "81c1826675493b76f90c646fb1274a4c84b5cc913a80ca4526c32cd7c46a0b06",
    "https://deno.land/std@0.165.0/node/_process/exiting.ts": "bc9694769139ffc596f962087155a8bfef10101d03423b9dcbc51ce6e1f88fce",
    "https://deno.land/std@0.165.0/node/_process/process.ts": "d5bf113a4b62f4abe4cb7ec5a9d00d44dac0ad9e82a23d00cc27d71e05ae8b66",
    "https://deno.land/std@0.165.0/node/_process/stdio.mjs": "971c3b086040d8521562155db13f22f9971d5c42c852b2081d4d2f0d8b6ab6bd",
    "https://deno.land/std@0.165.0/node/_process/streams.mjs": "3ce63d9eb24a8a8ec45eeebf5c184b43d888064f663f87e8f453888368e00f90",
    "https://deno.land/std@0.165.0/node/_stream.d.ts": "83e9da2f81de3205926f1e86ba54442aa5a3caf4c5e84a4c8699402ad340142b",
    "https://deno.land/std@0.165.0/node/_stream.mjs": "9a80217d9734f6e4284aae0ea55dd82b243f5517bc1814e983ad41b01732f712",
    "https://deno.land/std@0.165.0/node/_utils.ts": "1085a229e910b3a6672f3c3be05507591811dc67be2ae2188e9fc9ef4376b172",
    "https://deno.land/std@0.165.0/node/buffer.ts": "43f07b2d1523345bf35b7deb7fcdad6e916020a631a7bc1b5efcaff556db4e1d",
    "https://deno.land/std@0.165.0/node/events.ts": "f848398d3591534ca94ac6b852a9f3c4dbb2da310c3a26059cf4ff06b7eae088",
    "https://deno.land/std@0.165.0/node/internal/buffer.d.ts": "90f674081428a61978b6d481c5f557ff743a3f4a85d7ae113caab48fdf5b8a63",
    "https://deno.land/std@0.165.0/node/internal/buffer.mjs": "70b74b34f1617b3492aee6dec35c7bdabbf26e034bfcf640aa61b3d63c5c850f",
    "https://deno.land/std@0.165.0/node/internal/crypto/_keys.ts": "63229ff3d8d15b5bd0a1d2ebc19313cbb8ac969875bf16df1ce4f2b497d74fb5",
    "https://deno.land/std@0.165.0/node/internal/crypto/constants.ts": "d2c8821977aef55e4d66414d623c24a2447791a8b49b6404b8db32d81e20c315",
    "https://deno.land/std@0.165.0/node/internal/error_codes.ts": "ac03c4eae33de3a69d6c98e8678003207eecf75a6900eb847e3fea3c8c9e6d8f",
    "https://deno.land/std@0.165.0/node/internal/errors.ts": "b9aec7d1fe3eaf21322d0ea9dc2fcb344055d6b0c7a1bd0f62a0c379a5baa799",
    "https://deno.land/std@0.165.0/node/internal/fixed_queue.ts": "455b3c484de48e810b13bdf95cd1658ecb1ba6bcb8b9315ffe994efcde3ba5f5",
    "https://deno.land/std@0.165.0/node/internal/hide_stack_frames.ts": "a91962ec84610bc7ec86022c4593cdf688156a5910c07b5bcd71994225c13a03",
    "https://deno.land/std@0.165.0/node/internal/net.ts": "1239886cd2508a68624c2dae8abf895e8aa3bb15a748955349f9ac5539032238",
    "https://deno.land/std@0.165.0/node/internal/normalize_encoding.mjs": "3779ec8a7adf5d963b0224f9b85d1bc974a2ec2db0e858396b5d3c2c92138a0a",
    "https://deno.land/std@0.165.0/node/internal/options.ts": "a23c285975e058cb26a19abcb048cd8b46ab12d21cfb028868ac8003fffb43ac",
    "https://deno.land/std@0.165.0/node/internal/primordials.mjs": "7cf5afe471583e4a384eeea109bdff276b6b7f3a3af830f99f951fb7d57ef423",
    "https://deno.land/std@0.165.0/node/internal/process/per_thread.mjs": "bc1be72a6a662bf81573c20fe74893374847a7302065ddf52fb3fb2af505f31f",
    "https://deno.land/std@0.165.0/node/internal/readline/callbacks.mjs": "17d9270a54fb5dceea8f894669e3401e5c6260bab075a1e9675a62f1fef50d8c",
    "https://deno.land/std@0.165.0/node/internal/readline/utils.mjs": "a93ebb99f85e0dbb4f05f4aff5583d12a15150e45c335e4ecf925e1879dc9c84",
    "https://deno.land/std@0.165.0/node/internal/streams/destroy.mjs": "9c9bbeb172a437041d529829f433df72cf0b63ae49f3ee6080a55ffbef7572ad",
    "https://deno.land/std@0.165.0/node/internal/streams/end-of-stream.mjs": "38be76eaceac231dfde643e72bc0940625446bf6d1dbd995c91c5ba9fd59b338",
    "https://deno.land/std@0.165.0/node/internal/streams/utils.mjs": "a0a6b93a7e68ef52bef4ed00b0c82bb7e335abf360af57335b07c6a3fcdde717",
    "https://deno.land/std@0.165.0/node/internal/util.mjs": "35d24fb775468cd24443bcf0ec68904b8aa44e5b53845491a5e3382421917f9a",
    "https://deno.land/std@0.165.0/node/internal/util/inspect.mjs": "1ddace0c97719d2cc0869ba177d375e96051301352ec235cbfb2ecbfcd4e8fba",
    "https://deno.land/std@0.165.0/node/internal/util/types.ts": "de6e2b7f9b9985ab881b1e78f05ae51d1fc829ae1584063df21e57b35312f3c4",
    "https://deno.land/std@0.165.0/node/internal/validators.mjs": "67deae0f488d013c8bf485742a5478112b8e48837cb2458c4a8b2669cf7017db",
    "https://deno.land/std@0.165.0/node/internal_binding/_libuv_winerror.ts": "801e05c2742ae6cd42a5f0fd555a255a7308a65732551e962e5345f55eedc519",
    "https://deno.land/std@0.165.0/node/internal_binding/_listen.ts": "c15a356ef4758770fc72d3ca4db33f0cc321016df1aafb927c027c0d73ac2c42",
    "https://deno.land/std@0.165.0/node/internal_binding/_node.ts": "e4075ba8a37aef4eb5b592c8e3807c39cb49ca8653faf8e01a43421938076c1b",
    "https://deno.land/std@0.165.0/node/internal_binding/_timingSafeEqual.ts": "80640f055101071cb3680a2d8a1fead5fd260ca8bf183efb94296b69463e06cd",
    "https://deno.land/std@0.165.0/node/internal_binding/_utils.ts": "1c50883b5751a9ea1b38951e62ed63bacfdc9d69ea665292edfa28e1b1c5bd94",
    "https://deno.land/std@0.165.0/node/internal_binding/_winerror.ts": "8811d4be66f918c165370b619259c1f35e8c3e458b8539db64c704fbde0a7cd2",
    "https://deno.land/std@0.165.0/node/internal_binding/ares.ts": "33ff8275bc11751219af8bd149ea221c442d7e8676e3e9f20ccb0e1f0aac61b8",
    "https://deno.land/std@0.165.0/node/internal_binding/async_wrap.ts": "b83e4021a4854b2e13720f96d21edc11f9905251c64c1bc625a361f574400959",
    "https://deno.land/std@0.165.0/node/internal_binding/buffer.ts": "781e1d13adc924864e6e37ecb5152e8a4e994cf394695136e451c47f00bda76c",
    "https://deno.land/std@0.165.0/node/internal_binding/cares_wrap.ts": "720e6d5cff7018bb3d00e1a49dd4c31f0fc6af3a593ab68cd39e3592ed163d61",
    "https://deno.land/std@0.165.0/node/internal_binding/config.ts": "e292217d048a33573966b7d25352828d3282921fbcadce8735a20fb3da370cc4",
    "https://deno.land/std@0.165.0/node/internal_binding/connection_wrap.ts": "9debd4210d29c658054476fcb640c900725f564ef35412c56dc79eb07213a7c1",
    "https://deno.land/std@0.165.0/node/internal_binding/constants.ts": "f4afc504137fb21f3908ab549931604968dfa62432b285a0874f41c4cade9ed2",
    "https://deno.land/std@0.165.0/node/internal_binding/contextify.ts": "e292217d048a33573966b7d25352828d3282921fbcadce8735a20fb3da370cc4",
    "https://deno.land/std@0.165.0/node/internal_binding/credentials.ts": "e292217d048a33573966b7d25352828d3282921fbcadce8735a20fb3da370cc4",
    "https://deno.land/std@0.165.0/node/internal_binding/crypto.ts": "d7f39700dc020364edf7f4785e5026bb91f099ce1bd02734182451b1af300c8c",
    "https://deno.land/std@0.165.0/node/internal_binding/errors.ts": "e292217d048a33573966b7d25352828d3282921fbcadce8735a20fb3da370cc4",
    "https://deno.land/std@0.165.0/node/internal_binding/fs.ts": "e292217d048a33573966b7d25352828d3282921fbcadce8735a20fb3da370cc4",
    "https://deno.land/std@0.165.0/node/internal_binding/fs_dir.ts": "e292217d048a33573966b7d25352828d3282921fbcadce8735a20fb3da370cc4",
    "https://deno.land/std@0.165.0/node/internal_binding/fs_event_wrap.ts": "e292217d048a33573966b7d25352828d3282921fbcadce8735a20fb3da370cc4",
    "https://deno.land/std@0.165.0/node/internal_binding/handle_wrap.ts": "71c451060c9f555066d3ebe80de039a4e493a94b76c664450fbefd8f4167eb7e",
    "https://deno.land/std@0.165.0/node/internal_binding/heap_utils.ts": "e292217d048a33573966b7d25352828d3282921fbcadce8735a20fb3da370cc4",
    "https://deno.land/std@0.165.0/node/internal_binding/http_parser.ts": "e292217d048a33573966b7d25352828d3282921fbcadce8735a20fb3da370cc4",
    "https://deno.land/std@0.165.0/node/internal_binding/icu.ts": "e292217d048a33573966b7d25352828d3282921fbcadce8735a20fb3da370cc4",
    "https://deno.land/std@0.165.0/node/internal_binding/inspector.ts": "e292217d048a33573966b7d25352828d3282921fbcadce8735a20fb3da370cc4",
    "https://deno.land/std@0.165.0/node/internal_binding/js_stream.ts": "e292217d048a33573966b7d25352828d3282921fbcadce8735a20fb3da370cc4",
    "https://deno.land/std@0.165.0/node/internal_binding/messaging.ts": "e292217d048a33573966b7d25352828d3282921fbcadce8735a20fb3da370cc4",
    "https://deno.land/std@0.165.0/node/internal_binding/mod.ts": "f68e74e8eed84eaa6b0de24f0f4c47735ed46866d7ee1c5a5e7c0667b4f0540f",
    "https://deno.land/std@0.165.0/node/internal_binding/module_wrap.ts": "e292217d048a33573966b7d25352828d3282921fbcadce8735a20fb3da370cc4",
    "https://deno.land/std@0.165.0/node/internal_binding/native_module.ts": "e292217d048a33573966b7d25352828d3282921fbcadce8735a20fb3da370cc4",
    "https://deno.land/std@0.165.0/node/internal_binding/natives.ts": "e292217d048a33573966b7d25352828d3282921fbcadce8735a20fb3da370cc4",
    "https://deno.land/std@0.165.0/node/internal_binding/node_file.ts": "37d6864897547d95ca24e0f5d01035915db0065bff128bc22191bc93f9ad59ad",
    "https://deno.land/std@0.165.0/node/internal_binding/node_options.ts": "b098e6a1c80fa5003a1669c6828539167ab19337e13d20a47b610144cb888cef",
    "https://deno.land/std@0.165.0/node/internal_binding/options.ts": "e292217d048a33573966b7d25352828d3282921fbcadce8735a20fb3da370cc4",
    "https://deno.land/std@0.165.0/node/internal_binding/os.ts": "e292217d048a33573966b7d25352828d3282921fbcadce8735a20fb3da370cc4",
    "https://deno.land/std@0.165.0/node/internal_binding/performance.ts": "e292217d048a33573966b7d25352828d3282921fbcadce8735a20fb3da370cc4",
    "https://deno.land/std@0.165.0/node/internal_binding/pipe_wrap.ts": "105c73f268cb9ca1c6cebaf4bea089ab12e0c21c8c4e10bb0a14b0abd3e1661e",
    "https://deno.land/std@0.165.0/node/internal_binding/process_methods.ts": "e292217d048a33573966b7d25352828d3282921fbcadce8735a20fb3da370cc4",
    "https://deno.land/std@0.165.0/node/internal_binding/report.ts": "e292217d048a33573966b7d25352828d3282921fbcadce8735a20fb3da370cc4",
    "https://deno.land/std@0.165.0/node/internal_binding/serdes.ts": "e292217d048a33573966b7d25352828d3282921fbcadce8735a20fb3da370cc4",
    "https://deno.land/std@0.165.0/node/internal_binding/signal_wrap.ts": "e292217d048a33573966b7d25352828d3282921fbcadce8735a20fb3da370cc4",
    "https://deno.land/std@0.165.0/node/internal_binding/spawn_sync.ts": "e292217d048a33573966b7d25352828d3282921fbcadce8735a20fb3da370cc4",
    "https://deno.land/std@0.165.0/node/internal_binding/stream_wrap.ts": "ecbd50a6c6ff7f6fea9bdfdc7b3977637cd854814c812b59296458ca2f0fc209",
    "https://deno.land/std@0.165.0/node/internal_binding/string_decoder.ts": "5cb1863763d1e9b458bc21d6f976f16d9c18b3b3f57eaf0ade120aee38fba227",
    "https://deno.land/std@0.165.0/node/internal_binding/symbols.ts": "51cfca9bb6132d42071d4e9e6b68a340a7f274041cfcba3ad02900886e972a6c",
    "https://deno.land/std@0.165.0/node/internal_binding/task_queue.ts": "e292217d048a33573966b7d25352828d3282921fbcadce8735a20fb3da370cc4",
    "https://deno.land/std@0.165.0/node/internal_binding/tcp_wrap.ts": "4217fa10072e048a26f26e5f548b3f38422452c9956265592cac57379a610acb",
    "https://deno.land/std@0.165.0/node/internal_binding/timers.ts": "e292217d048a33573966b7d25352828d3282921fbcadce8735a20fb3da370cc4",
    "https://deno.land/std@0.165.0/node/internal_binding/tls_wrap.ts": "e292217d048a33573966b7d25352828d3282921fbcadce8735a20fb3da370cc4",
    "https://deno.land/std@0.165.0/node/internal_binding/trace_events.ts": "e292217d048a33573966b7d25352828d3282921fbcadce8735a20fb3da370cc4",
    "https://deno.land/std@0.165.0/node/internal_binding/tty_wrap.ts": "e292217d048a33573966b7d25352828d3282921fbcadce8735a20fb3da370cc4",
    "https://deno.land/std@0.165.0/node/internal_binding/types.ts": "4c26fb74ba2e45de553c15014c916df6789529a93171e450d5afb016b4c765e7",
    "https://deno.land/std@0.165.0/node/internal_binding/udp_wrap.ts": "cdd0882eff7e7db631d808608d20f5d1269b40fbcedd4a0972d6ed616a855c79",
    "https://deno.land/std@0.165.0/node/internal_binding/url.ts": "e292217d048a33573966b7d25352828d3282921fbcadce8735a20fb3da370cc4",
    "https://deno.land/std@0.165.0/node/internal_binding/util.ts": "faf5146c3cc3b2d6c26026a818b4a16e91488ab26e63c069f36ba3c3ae24c97b",
    "https://deno.land/std@0.165.0/node/internal_binding/uv.ts": "3a63eebe0b69334bab5e9f037aadde1aef59ab21ab0e4cd01ac588d919be2c75",
    "https://deno.land/std@0.165.0/node/internal_binding/v8.ts": "e292217d048a33573966b7d25352828d3282921fbcadce8735a20fb3da370cc4",
    "https://deno.land/std@0.165.0/node/internal_binding/worker.ts": "e292217d048a33573966b7d25352828d3282921fbcadce8735a20fb3da370cc4",
    "https://deno.land/std@0.165.0/node/internal_binding/zlib.ts": "e292217d048a33573966b7d25352828d3282921fbcadce8735a20fb3da370cc4",
    "https://deno.land/std@0.165.0/node/process.ts": "7180a9e7022d62481daf6fac855f440882137046ef6941f659e8d40c077186be",
    "https://deno.land/std@0.165.0/node/stream.ts": "2c6d5d207d0ad295f396b34fd03a908c1638beb1754bc9c1fccd9a4cdcace8be",
    "https://deno.land/std@0.165.0/node/string_decoder.ts": "39b3846318f3a60cee417673dab0252a6f400af2e0f2a481bb6d74c00524b597",
    "https://deno.land/std@0.165.0/path/_constants.ts": "df1db3ffa6dd6d1252cc9617e5d72165cd2483df90e93833e13580687b6083c3",
    "https://deno.land/std@0.165.0/path/_interface.ts": "ee3b431a336b80cf445441109d089b70d87d5e248f4f90ff906820889ecf8d09",
    "https://deno.land/std@0.165.0/path/_util.ts": "d16be2a16e1204b65f9d0dfc54a9bc472cafe5f4a190b3c8471ec2016ccd1677",
    "https://deno.land/std@0.165.0/path/common.ts": "bee563630abd2d97f99d83c96c2fa0cca7cee103e8cb4e7699ec4d5db7bd2633",
    "https://deno.land/std@0.165.0/path/glob.ts": "cb5255638de1048973c3e69e420c77dc04f75755524cb3b2e160fe9277d939ee",
    "https://deno.land/std@0.165.0/path/mod.ts": "56fec03ad0ebd61b6ab39ddb9b0ddb4c4a5c9f2f4f632e09dd37ec9ebfd722ac",
    "https://deno.land/std@0.165.0/path/posix.ts": "6b63de7097e68c8663c84ccedc0fd977656eb134432d818ecd3a4e122638ac24",
    "https://deno.land/std@0.165.0/path/separator.ts": "fe1816cb765a8068afb3e8f13ad272351c85cbc739af56dacfc7d93d710fe0f9",
    "https://deno.land/std@0.165.0/path/win32.ts": "7cebd2bda6657371adc00061a1d23fdd87bcdf64b4843bb148b0b24c11b40f69",
    "https://deno.land/std@0.165.0/streams/conversion.ts": "555c6c249f3acf85655f2d0af52d1cb3168e40b1c1fa26beefea501b333abe28",
    "https://deno.land/std@0.168.0/fmt/colors.ts": "03ad95e543d2808bc43c17a3dd29d25b43d0f16287fe562a0be89bf632454a12",
    "https://deno.land/std@0.168.0/testing/_diff.ts": "a23e7fc2b4d8daa3e158fa06856bedf5334ce2a2831e8bf9e509717f455adb2c",
    "https://deno.land/std@0.168.0/testing/_format.ts": "cd11136e1797791045e639e9f0f4640d5b4166148796cad37e6ef75f7d7f3832",
    "https://deno.land/std@0.168.0/testing/asserts.ts": "51353e79437361d4b02d8e32f3fc83b22231bc8f8d4c841d86fd32b0b0afe940",
    "https://deno.land/x/og_edge@0.0.4/emoji.ts": "f14b3b9fbf52fdc389ee474a67f8e112ff6b17c70a7ee4dd5b242c4243abca98",
    "https://deno.land/x/og_edge@0.0.4/mod.ts": "987426bda16fb886bbc708eb064318f6648e34aaca46798a55b79732325693b9",
    "https://esm.sh/@resvg/resvg-wasm@2.0.0-alpha.4": "269ab08c2abfe3704dd33654efe3c3ce165e35e997c561c7d6f0209fc49af87f",
    "https://esm.sh/preact-render-to-string@5.2.6": "7b0214b1bbc385caf84d8618aa82ee1b98c7f95438e71c05c7e8d1726f770410",
    "https://esm.sh/preact/jsx-runtime": "40a4b63d4b47f89fbfd13335069df0a1aa2e117f161eb8003436a6d4aa3e9368",
    "https://esm.sh/preact@10.11.3": "bb13c4579a68025fbfe7304c0c4dba6ec286c89bce5db830e56507851b208b80",
    "https://esm.sh/react@18.2.0": "84aa07282d2f3c843f7d56daeae0be41ceae768391c4418f7358dd64e8fe4eca",
    "https://esm.sh/satori@0.0.40": "a1fa945ecee570bdd30919002d7d461112158648b860b9f4b01f455f3a02178f",
    "https://esm.sh/satori@0.0.40/wasm": "2a72f4ded67b1746bf74bb4d4bc9cc6c7b5c0af6b7f87a925b588df5c835cae7",
    "https://esm.sh/stable/preact@10.11.2/deno/preact.js": "10e7be6ea2698598105f404198789d8a34fd6a1ca020482f94eaaaca736badf5",
    "https://esm.sh/stable/preact@10.11.3/deno/preact.js": "d17d6b3217ccb0352f68bbd47930aa25d260c1a544f45bcbcf4cd1ded9d630bb",
    "https://esm.sh/stable/react@18.2.0/deno/react.js": "806868069cfdb815e028419cf07ebc7a7bcba7f9e31dec9e3a045b9f8e82c1ed",
    "https://esm.sh/v96/preact-render-to-string@5.2.6/deno/preact-render-to-string.js": "0554ba3b539a1fd09d6f751b2b0ad54fddf4fbf6c76386a02c6407c01ab1653d",
    "https://esm.sh/v96/preact-render-to-string@5.2.6/src/index.d.ts": "a2c0d400b8900e30e1cba4970f2ccb36d65447ae1f73eb792b371b2db85ba4ff",
    "https://esm.sh/v96/preact@10.11.2/src/index.d.ts": "76842a9d103548261ee001f2aee5fa5cacc8b1b4b4032af537ed84603c8f4a31",
    "https://esm.sh/v96/preact@10.11.2/src/jsx.d.ts": "77ce5bd7324455c9f6dc85bfc3c94b733acb92cc98fdf82e4b1059c8bca7866d",
    "https://esm.sh/v99/@resvg/resvg-wasm@2.0.0-alpha.4/deno/resvg-wasm.js": "f6413ffe16ea4b439c6060162916a29d2ee2e5a53e5ac6fd7e1d20170eb75620",
    "https://esm.sh/v99/@resvg/resvg-wasm@2.0.0-alpha.4/index.d.ts": "41778cf1715edd3c641eb20932e69e7385af011d9c669560f8d50f5237ce42ed",
    "https://esm.sh/v99/@shuding/opentype.js@1.4.0-beta.0/deno/opentype.js": "e21a61dff52cc88e52ab59483a9a68537d14ee6084ed401f4f408c8481546929",
    "https://esm.sh/v99/@types/prop-types@15.7.5/index.d.ts": "6a386ff939f180ae8ef064699d8b7b6e62bc2731a62d7fbf5e02589383838dea",
    "https://esm.sh/v99/@types/react@18.0.25/global.d.ts": "bbdf156fea2fabed31a569445835aeedcc33643d404fcbaa54541f06c109df3f",
    "https://esm.sh/v99/@types/react@18.0.25/index.d.ts": "12154bc47748a901d10aa84dc39d0ec3a5f2d50624a7f018b473ef5af23063b4",
    "https://esm.sh/v99/@types/scheduler@0.16.2/tracing.d.ts": "f5a8b384f182b3851cec3596ccc96cb7464f8d3469f48c74bf2befb782a19de5",
    "https://esm.sh/v99/@types/yoga-layout@1.9.2/index.d.ts": "7693b0547e3b004443fa1f4327b61617e7317757a3e947ccc200c91111c77eca",
    "https://esm.sh/v99/camelize@1.0.1/deno/camelize.js": "ddbaf21d81c36d9490aa126c37bc08a8d971a8e1d8ad8f8e240ba6cf088ed9c7",
    "https://esm.sh/v99/css-background-parser@0.1.0/deno/css-background-parser.js": "03e302b0865521166c0d3901b0b39c08c59ce6256f2865441340d046612f8f73",
    "https://esm.sh/v99/css-box-shadow@1.0.0-3/deno/css-box-shadow.js": "669ff9188747d9af1b56d0a7bbde8977da5aba6a8437f7dc81720adc83116c68",
    "https://esm.sh/v99/css-color-keywords@1.0.0/deno/css-color-keywords.js": "97a2080cfa58f9275cc35ab9330c2d4e0bba65dbf9b1e3b3937d99ec9837f389",
    "https://esm.sh/v99/css-to-react-native@3.0.0/deno/css-to-react-native.js": "afa74f4413ac7853b36c8fad0fad532faa096f1dab70f5b96cc5abd68d2e8c79",
    "https://esm.sh/v99/csstype@3.1.1/index.d.ts": "1c29793071152b207c01ea1954e343be9a44d85234447b2b236acae9e709a383",
    "https://esm.sh/v99/postcss-value-parser@4.2.0/deno/postcss-value-parser.js": "699a6f4d720d950fad4522b18562e394d906229ad62e3de90b96a6511462098b",
    "https://esm.sh/v99/preact@10.11.3/src/index.d.ts": "76842a9d103548261ee001f2aee5fa5cacc8b1b4b4032af537ed84603c8f4a31",
    "https://esm.sh/v99/preact@10.11.3/src/jsx.d.ts": "77ce5bd7324455c9f6dc85bfc3c94b733acb92cc98fdf82e4b1059c8bca7866d",
    "https://esm.sh/v99/satori@0.0.40/deno/satori.js": "4d860fba8887732c767a3bc60488903519a26da683134a43ad3c90dfbe8d84fd",
    "https://esm.sh/v99/satori@0.0.40/deno/wasm.js": "afa411a30c850b5e1b9cbf09aa7e933c5996b8f8760c086d8d004d0a3b208a69",
    "https://esm.sh/v99/satori@0.0.40/dist/index.d.ts": "a530b51076e7b3bb02fd5154713b4bda89575593153c759f0e2388eda84859d3",
    "https://esm.sh/v99/satori@0.0.40/wasm~.d.ts": "854cdc32752c20a63ea380b17a93c803d6d1e06fa939fdc231732a7b35e8a906",
    "https://esm.sh/v99/yoga-layout-prebuilt@1.10.0/deno/yoga-layout-prebuilt.js": "fc79505c9ed7dfa4e220ee781a286864956b87d353bb2859b49cf5d9350a7aa9",
    "https://esm.sh/v99/yoga-wasm-web@0.1.2/deno/yoga-wasm-web.js": "7d5a17036c9a6b7a5754d643401c2520ad5647b88f015a79b2d5cba21cae0dc1",
    "https://esm.sh/v99/yoga-wasm-web@0.1.2/index.d.ts": "854cdc32752c20a63ea380b17a93c803d6d1e06fa939fdc231732a7b35e8a906",
    "https://esm.sh/yoga-wasm-web@0.1.2": "0056c29fa8e61121b809966abbbdb1e6738b52079f8e742dcd08200df6679a08"
  },
  "npm": {
    "specifiers": { "rollup": "rollup@3.7.5", "terser": "terser@5.16.1" },
    "packages": {
      "@jridgewell/gen-mapping@0.3.2": {
        "integrity": "sha512-mh65xKQAzI6iBcFzwv28KVWSmCkdRBWoOh+bYQGW3+6OZvbbN3TqMGo5hqYxQniRcH9F2VZIoJCm4pa3BPDK/A==",
        "dependencies": {
          "@jridgewell/set-array": "@jridgewell/set-array@1.1.2",
          "@jridgewell/sourcemap-codec": "@jridgewell/sourcemap-codec@1.4.14",
          "@jridgewell/trace-mapping": "@jridgewell/trace-mapping@0.3.17"
        }
      },
      "@jridgewell/resolve-uri@3.1.0": {
        "integrity": "sha512-F2msla3tad+Mfht5cJq7LSXcdudKTWCVYUgw6pLFOOHSTtZlj6SWNYAp+AhuqLmWdBO2X5hPrLcu8cVP8fy28w==",
        "dependencies": {}
      },
      "@jridgewell/set-array@1.1.2": {
        "integrity": "sha512-xnkseuNADM0gt2bs+BvhO0p78Mk762YnZdsuzFV018NoG1Sj1SCQvpSqa7XUaTam5vAGasABV9qXASMKnFMwMw==",
        "dependencies": {}
      },
      "@jridgewell/source-map@0.3.2": {
        "integrity": "sha512-m7O9o2uR8k2ObDysZYzdfhb08VuEml5oWGiosa1VdaPZ/A6QyPkAJuwN0Q1lhULOf6B7MtQmHENS743hWtCrgw==",
        "dependencies": {
          "@jridgewell/gen-mapping": "@jridgewell/gen-mapping@0.3.2",
          "@jridgewell/trace-mapping": "@jridgewell/trace-mapping@0.3.17"
        }
      },
      "@jridgewell/sourcemap-codec@1.4.14": {
        "integrity": "sha512-XPSJHWmi394fuUuzDnGz1wiKqWfo1yXecHQMRf2l6hztTO+nPru658AyDngaBe7isIxEkRsPR3FZh+s7iVa4Uw==",
        "dependencies": {}
      },
      "@jridgewell/trace-mapping@0.3.17": {
        "integrity": "sha512-MCNzAp77qzKca9+W/+I0+sEpaUnZoeasnghNeVc41VZCEKaCH73Vq3BZZ/SzWIgrqE4H4ceI+p+b6C0mHf9T4g==",
        "dependencies": {
          "@jridgewell/resolve-uri": "@jridgewell/resolve-uri@3.1.0",
          "@jridgewell/sourcemap-codec": "@jridgewell/sourcemap-codec@1.4.14"
        }
      },
      "acorn@8.8.1": {
        "integrity": "sha512-7zFpHzhnqYKrkYdUjF1HI1bzd0VygEGX8lFk4k5zVMqHEoES+P+7TKI+EvLO9WVMJ8eekdO0aDEK044xTXwPPA==",
        "dependencies": {}
      },
      "buffer-from@1.1.2": {
        "integrity": "sha512-E+XQCRwSbaaiChtv6k6Dwgc+bx+Bs6vuKJHHl5kox/BaKbhiXzqQOwK4cO22yElGp2OCmjwVhT3HmxgyPGnJfQ==",
        "dependencies": {}
      },
      "commander@2.20.3": {
        "integrity": "sha512-GpVkmM8vF2vQUkj2LvZmD35JxeJOLCwJ9cUkugyk2nuhbv3+mJvpLYYt+0+USMxE+oj+ey/lJEnhZw75x/OMcQ==",
        "dependencies": {}
      },
      "fsevents@2.3.2": {
        "integrity": "sha512-xiqMQR4xAeHTuB9uWm+fFRcIOgKBMiOBP+eXiyT7jsgVCq1bkVygt00oASowB7EdtpOHaaPgKt812P9ab+DDKA==",
        "dependencies": {}
      },
      "rollup@3.7.5": {
        "integrity": "sha512-z0ZbqHBtS/et2EEUKMrAl2CoSdwN7ZPzL17UMiKN9RjjqHShTlv7F9J6ZJZJNREYjBh3TvBrdfjkFDIXFNeuiQ==",
        "dependencies": { "fsevents": "fsevents@2.3.2" }
      },
      "source-map-support@0.5.21": {
        "integrity": "sha512-uBHU3L3czsIyYXKX88fdrGovxdSCoTGDRZ6SYXtSRxLZUzHg5P/66Ht6uoUlHu9EZod+inXhKo3qQgwXUT/y1w==",
        "dependencies": {
          "buffer-from": "buffer-from@1.1.2",
          "source-map": "source-map@0.6.1"
        }
      },
      "source-map@0.6.1": {
        "integrity": "sha512-UjgapumWlbMhkBgzT7Ykc5YXUT46F0iKu8SGXq0bcwP5dz/h0Plj6enJqjz1Zbq2l5WaqYnrVbwWOWMyF3F47g==",
        "dependencies": {}
      },
      "terser@5.16.1": {
        "integrity": "sha512-xvQfyfA1ayT0qdK47zskQgRZeWLoOQ8JQ6mIgRGVNwZKdQMU+5FkCBjmv4QjcrTzyZquRw2FVtlJSRUmMKQslw==",
        "dependencies": {
          "@jridgewell/source-map": "@jridgewell/source-map@0.3.2",
          "acorn": "acorn@8.8.1",
          "commander": "commander@2.20.3",
          "source-map-support": "source-map-support@0.5.21"
        }
      }
    }
  }
}
