{
  "version": "2",
  "remote": {
    "https://deno.land/std@0.168.0/fmt/colors.ts": "03ad95e543d2808bc43c17a3dd29d25b43d0f16287fe562a0be89bf632454a12",
    "https://deno.land/std@0.168.0/testing/_diff.ts": "a23e7fc2b4d8daa3e158fa06856bedf5334ce2a2831e8bf9e509717f455adb2c",
    "https://deno.land/std@0.168.0/testing/_format.ts": "cd11136e1797791045e639e9f0f4640d5b4166148796cad37e6ef75f7d7f3832",
    "https://deno.land/std@0.168.0/testing/asserts.ts": "51353e79437361d4b02d8e32f3fc83b22231bc8f8d4c841d86fd32b0b0afe940",
    "https://esm.sh/@babel/core@7.20.12": "cd63451bc543cc85323eafa024d326aaac5cd57f8e8fdcdc4914e35ad8425488",
    "https://esm.sh/@babel/preset-env@7.20.2": "499645af3583074b196c139342de4d0728e4ce614b815f0687a68dd5c1e2cd22",
    "https://esm.sh/v126/@ampproject/remapping@2.2.1/denonext/remapping.mjs": "25099752943ea6782bd266c830ff59c379c93ff1102edf84853809c2bc344cbe",
    "https://esm.sh/v126/@babel/code-frame@7.22.5/denonext/code-frame.mjs": "5b39c3a0971ec1db6fb7e23a6bb2b91778fd04459f0ac581607794f9e199d835",
    "https://esm.sh/v126/@babel/compat-data@7.22.5/denonext/corejs2-built-ins.js": "2483d85d63460869a4d221a8d50c275e216c457c6756e5ccb29bdc435db0cd35",
    "https://esm.sh/v126/@babel/compat-data@7.22.5/denonext/native-modules.js": "d63f4f677690c46a3ffdc6b876eeedd5ba1e5e03b52118f4aed17dc0d77f9339",
    "https://esm.sh/v126/@babel/compat-data@7.22.5/denonext/overlapping-plugins.js": "0577f97d605591c8031a4198ddce78da87763425871279da3638373b7a3d46a0",
    "https://esm.sh/v126/@babel/compat-data@7.22.5/denonext/plugin-bugfixes.js": "f46f7df55f634285ca23bb85d930dad7926cfaa0c8c05ad50d8e070138016bfc",
    "https://esm.sh/v126/@babel/compat-data@7.22.5/denonext/plugins.js": "0804cefffc9816df13ce6eb55f033f7fe2295c6a0e59a8e2e73670dc51a54e95",
    "https://esm.sh/v126/@babel/core@7.20.12/denonext/core.mjs": "de301863a47e773706e6da81cfcf11f1f0ca29d38f031f8844fd081c8eb16532",
    "https://esm.sh/v126/@babel/core@7.22.5/denonext/core.mjs": "e99ad6df8900cc2fe5e0c84adab2cc432241099ac1a04d4dc119a76c316a9e69",
    "https://esm.sh/v126/@babel/generator@7.22.5/denonext/generator.mjs": "7ca5647852fc08a6bfcf22bc518b605cdf3eb6cf00a91396c22f29ddba9f0018",
    "https://esm.sh/v126/@babel/helper-annotate-as-pure@7.22.5/denonext/helper-annotate-as-pure.mjs": "64d060fe238d2233e593bb7c926285b01075da9dc12f60753e90ccf6921750d9",
    "https://esm.sh/v126/@babel/helper-builder-binary-assignment-operator-visitor@7.21.5/denonext/helper-builder-binary-assignment-operator-visitor.mjs": "a37d0f666484f73dd4bfd7c836eb040aaa638a1de1d82a39949570ea860b326e",
    "https://esm.sh/v126/@babel/helper-compilation-targets@7.22.5/denonext/helper-compilation-targets.mjs": "585411372299a0ca15bc076b88c09a89b963f4a69b107a04bc9c8e79558bb14b",
    "https://esm.sh/v126/@babel/helper-create-class-features-plugin@7.22.5/denonext/helper-create-class-features-plugin.mjs": "02a79e831c3d1f64fd6de750333ef1832e26ac87484d2d7e06d654dc6501b62a",
    "https://esm.sh/v126/@babel/helper-create-regexp-features-plugin@7.22.1/denonext/helper-create-regexp-features-plugin.mjs": "099ac9d3cc7db160bffb0237a396a93651954f1a92293ae68c2b03d508d7bf52",
    "https://esm.sh/v126/@babel/helper-define-polyfill-provider@0.3.3/denonext/helper-define-polyfill-provider.mjs": "a54523be48fd0af65523d953598c4a7332c2925e3cc03c35f08bcfa9480f8c2a",
    "https://esm.sh/v126/@babel/helper-environment-visitor@7.22.5/denonext/helper-environment-visitor.mjs": "630356b0a8d27e342312f14cf098bc4625d53ce480b3ea9a23f86ff12fa57cd7",
    "https://esm.sh/v126/@babel/helper-function-name@7.22.5/denonext/helper-function-name.mjs": "8348d5cd4e008e8967c8ace6e990c9bc328782f47e5fa4632f23cf863552af12",
    "https://esm.sh/v126/@babel/helper-hoist-variables@7.22.5/denonext/helper-hoist-variables.mjs": "54926657f3fa51dc630d2adb50e9ba226b87dd24a48666f39314a0516641a2f4",
    "https://esm.sh/v126/@babel/helper-member-expression-to-functions@7.22.5/denonext/helper-member-expression-to-functions.mjs": "7b31b8ff3632654bfc0b5ebb67e90f8458097540fa5c82a4c277cd0df4f11e8a",
    "https://esm.sh/v126/@babel/helper-module-imports@7.22.5/denonext/helper-module-imports.mjs": "474685378f6fa5ba1c6ac9c6468cdbabb6478be966d814660e675ca8b36f9d2a",
    "https://esm.sh/v126/@babel/helper-module-transforms@7.22.5/denonext/helper-module-transforms.mjs": "826dfdb97548dc444b2e88500a8b8871913d8cbe887404ee9aa8d6c79d85d66d",
    "https://esm.sh/v126/@babel/helper-optimise-call-expression@7.22.5/denonext/helper-optimise-call-expression.mjs": "9bc5789d14dbf18f4f449ab681d7e6b5f9be6b2aa7a051e4b8c7a43e9d133365",
    "https://esm.sh/v126/@babel/helper-plugin-utils@7.22.5/denonext/helper-plugin-utils.mjs": "b46d6ff9fd2d8289b5e1df20a98c685a901ff5686cacbaf79d671dfdea7ac8a8",
    "https://esm.sh/v126/@babel/helper-remap-async-to-generator@7.18.9/denonext/helper-remap-async-to-generator.mjs": "245863784f89cb0a8ec4b16e71bb0d5627dd0ebf364b16114bd84d95c57affe6",
    "https://esm.sh/v126/@babel/helper-replace-supers@7.22.5/denonext/helper-replace-supers.mjs": "3b156445702a7b3b63cffa88c3e133fb32ef931181492d1e7bed9bbc1275faa6",
    "https://esm.sh/v126/@babel/helper-simple-access@7.22.5/denonext/helper-simple-access.mjs": "98192463af7eb051bca8aac328a2557e91b2e66658b34796044b7134b6e4a57a",
    "https://esm.sh/v126/@babel/helper-skip-transparent-expression-wrappers@7.22.5/denonext/helper-skip-transparent-expression-wrappers.mjs": "3e04d91f76415740ff250a738f4947be753b77484673a39364d3ff6c9e34c227",
    "https://esm.sh/v126/@babel/helper-split-export-declaration@7.22.5/denonext/helper-split-export-declaration.mjs": "bd732a9548a3ae8546042f18346b2224a363590a36cd8b78e4a38c354a321d20",
    "https://esm.sh/v126/@babel/helper-string-parser@7.22.5/denonext/helper-string-parser.mjs": "bb2abcd083cf81abd531d2484702dd42459be28f7b20057a0ba1034a511ddbe1",
    "https://esm.sh/v126/@babel/helper-validator-identifier@7.22.5/denonext/helper-validator-identifier.mjs": "edfdb57e77b5f3bd2bcd0d8669ae98a9091479a0a263ee94dd21da7a481fd1ba",
    "https://esm.sh/v126/@babel/helper-validator-option@7.22.5/denonext/helper-validator-option.mjs": "aea35ea85d232ea555df4a5fd5ee605050b53b2da6a258cee2c6ecf13006ac0e",
    "https://esm.sh/v126/@babel/helper-wrap-function@7.20.5/denonext/helper-wrap-function.mjs": "ea7cfe6d1d06e8bb80693c300a4de12daac8f3624204101d77e36eba2e23ee13",
    "https://esm.sh/v126/@babel/helpers@7.22.5/denonext/helpers.mjs": "22d7643266e2c3dd83c0edee824316275664b8c285b44f315e819f00fd787046",
    "https://esm.sh/v126/@babel/highlight@7.22.5/denonext/highlight.mjs": "60b21ba739c230661f35cfb20c3b8baf1bfdb05935abddf6dd55bcfa85e7bece",
    "https://esm.sh/v126/@babel/parser@7.22.5/denonext/parser.mjs": "4965d6ea8624d9b55f9c135270404eb1011dd2b1a25410b3cea42baf405e658e",
    "https://esm.sh/v126/@babel/plugin-bugfix-safari-id-destructuring-collision-in-function-expression@7.18.6/denonext/plugin-bugfix-safari-id-destructuring-collision-in-function-expression.mjs": "df08de0dc393fb86472403a1ab1883777d7c281ea230251d0156b27637c232c3",
    "https://esm.sh/v126/@babel/plugin-bugfix-v8-spread-parameters-in-optional-chaining@7.22.3/denonext/plugin-bugfix-v8-spread-parameters-in-optional-chaining.mjs": "4d2f97a74d231935090643351df957949d63dede5810402ee1aad170d52dc3c2",
    "https://esm.sh/v126/@babel/plugin-proposal-async-generator-functions@7.20.7/denonext/plugin-proposal-async-generator-functions.mjs": "275ad7e27833a61ddc2dd2802bc73a2a2bbfc50b18a0f2ecd30b6eb7e6d3a38c",
    "https://esm.sh/v126/@babel/plugin-proposal-class-properties@7.18.6/denonext/plugin-proposal-class-properties.mjs": "f74ba64a41073753c367247baf8a5054c77a1a3663c7143d432e160f2b7f33bd",
    "https://esm.sh/v126/@babel/plugin-proposal-class-static-block@7.21.0/denonext/plugin-proposal-class-static-block.mjs": "c7a5e5da9c73ff9e1f6cbbcd61d4971e5f321e76467ab9c7da292e9ddac83141",
    "https://esm.sh/v126/@babel/plugin-proposal-dynamic-import@7.18.6/denonext/plugin-proposal-dynamic-import.mjs": "033096c72e4b20fd343750115ed47f1342c846d62dfd6bfb9e9fc13c0d418526",
    "https://esm.sh/v126/@babel/plugin-proposal-export-namespace-from@7.18.9/denonext/plugin-proposal-export-namespace-from.mjs": "7809c1ea13e6cd6b525cb937b39cc9c901a5d8cfc2037e6b81a3c1b68fa7daf9",
    "https://esm.sh/v126/@babel/plugin-proposal-json-strings@7.18.6/denonext/plugin-proposal-json-strings.mjs": "e08b28e5f2742ebf2b2373fe6e19f2700f524d05068725e2cc57970489202902",
    "https://esm.sh/v126/@babel/plugin-proposal-logical-assignment-operators@7.20.7/denonext/plugin-proposal-logical-assignment-operators.mjs": "7cce00dcbd3da744afc4eb9641b98f735f4f7860ba9907aab087834e59028f27",
    "https://esm.sh/v126/@babel/plugin-proposal-nullish-coalescing-operator@7.18.6/denonext/plugin-proposal-nullish-coalescing-operator.mjs": "c7a8eb8898eab3ae4ce0bfcfc31ce159720ec7f2f7d2c0a74a6ca4f6ac68f425",
    "https://esm.sh/v126/@babel/plugin-proposal-numeric-separator@7.18.6/denonext/plugin-proposal-numeric-separator.mjs": "0fd59e33fb5f8713d2219fa3fd74bb5a77a227d98eb2256d373d6ac7dfb3cd43",
    "https://esm.sh/v126/@babel/plugin-proposal-object-rest-spread@7.20.7/denonext/plugin-proposal-object-rest-spread.mjs": "382ac17853e69daf1a6ca190801e15b8eb007b200f46ceb4273b7c7411016d10",
    "https://esm.sh/v126/@babel/plugin-proposal-optional-catch-binding@7.18.6/denonext/plugin-proposal-optional-catch-binding.mjs": "24a453f3ae554fd27ac594d00f4a551a30caea7dd221de05bc406a66b9ef2606",
    "https://esm.sh/v126/@babel/plugin-proposal-optional-chaining@7.21.0/denonext/plugin-proposal-optional-chaining.mjs": "b6c5f9997dcb31c7fedf60e4858d1b7c150490e75ee772cfd7acba7daf0b4439",
    "https://esm.sh/v126/@babel/plugin-proposal-private-methods@7.18.6/denonext/plugin-proposal-private-methods.mjs": "6f39a2f918816309b8765034895f81bf9b1e556713495f404a2a5c5a35b01066",
    "https://esm.sh/v126/@babel/plugin-proposal-private-property-in-object@7.21.0/denonext/plugin-proposal-private-property-in-object.mjs": "a3e8541d41528a4c0c2e78d3ae9016a85fdc7fc1f704a51543ef18126e12080a",
    "https://esm.sh/v126/@babel/plugin-proposal-unicode-property-regex@7.18.6/denonext/plugin-proposal-unicode-property-regex.mjs": "4c2e0d252d2c077f9759724dc88ba7060d3f856024e92ceb84add82dfb4971b9",
    "https://esm.sh/v126/@babel/plugin-syntax-async-generators@7.8.4/denonext/plugin-syntax-async-generators.mjs": "72f0f717fd1f67919c23b8776bf976f55332e5243339f7a1eb7cf13455cb5bf2",
    "https://esm.sh/v126/@babel/plugin-syntax-class-properties@7.12.13/denonext/plugin-syntax-class-properties.mjs": "fee8873756cfb2ff112f34c0875cb9d1608cfa0c7faec5591ebb7cc0bb9e3e3d",
    "https://esm.sh/v126/@babel/plugin-syntax-class-static-block@7.14.5/denonext/plugin-syntax-class-static-block.mjs": "f1dbdaf8f63429d4c894e9c5275af2727daf5d2472b348380cbaf7262c3128e3",
    "https://esm.sh/v126/@babel/plugin-syntax-dynamic-import@7.8.3/denonext/plugin-syntax-dynamic-import.mjs": "2b9b692106a0e7dea25dc5a1afa33f6bc4372215bd6318c9b5fcbcd9423300d1",
    "https://esm.sh/v126/@babel/plugin-syntax-export-namespace-from@7.8.3/denonext/plugin-syntax-export-namespace-from.mjs": "e491976f2457f47c767b1f21aaf4dcec2f443f4c08835e627fb26fae7660e1b9",
    "https://esm.sh/v126/@babel/plugin-syntax-import-assertions@7.20.0/denonext/plugin-syntax-import-assertions.mjs": "aaa9cc19f76d2955f4c699f0780a9b65b47abd9dfd242aa312502fe6a58c47bc",
    "https://esm.sh/v126/@babel/plugin-syntax-json-strings@7.8.3/denonext/plugin-syntax-json-strings.mjs": "72f616ffcb97854a08aeefee504b0be34fa4f7e5e02e532748c7faef2d9f7493",
    "https://esm.sh/v126/@babel/plugin-syntax-logical-assignment-operators@7.10.4/denonext/plugin-syntax-logical-assignment-operators.mjs": "46f98d2bef974dd7a67426297ff2afb5724484bb89ef45e198a4d1c139cc3e4a",
    "https://esm.sh/v126/@babel/plugin-syntax-nullish-coalescing-operator@7.8.3/denonext/plugin-syntax-nullish-coalescing-operator.mjs": "2da51b9f4a5d7432b9c994ad084734bc66bfa5632cf447014b30499ee8f13c3f",
    "https://esm.sh/v126/@babel/plugin-syntax-numeric-separator@7.10.4/denonext/plugin-syntax-numeric-separator.mjs": "bce08853de9adcbe540104228dc4dec09c8ffb94adc2c5503e5542f8cdf46058",
    "https://esm.sh/v126/@babel/plugin-syntax-object-rest-spread@7.8.3/denonext/plugin-syntax-object-rest-spread.mjs": "f6c8bfbad71a4e5fef4ea66ff2fcab584a75560a72098eebd10f140859313f55",
    "https://esm.sh/v126/@babel/plugin-syntax-optional-catch-binding@7.8.3/denonext/plugin-syntax-optional-catch-binding.mjs": "d400c863a1e031e4904990ff249e8decb0a8240bbe490ff3373e05f9f2d7c437",
    "https://esm.sh/v126/@babel/plugin-syntax-optional-chaining@7.8.3/denonext/plugin-syntax-optional-chaining.mjs": "018e208d96d68428a85c9c2fd5c08a3694ab1523c7e4e866812ddfb93fee7f1a",
    "https://esm.sh/v126/@babel/plugin-syntax-private-property-in-object@7.14.5/denonext/plugin-syntax-private-property-in-object.mjs": "2bb9b24ac80f4682be35f6b56fa33f34724dd787dbd9109d9813947b0cb8d5b5",
    "https://esm.sh/v126/@babel/plugin-syntax-top-level-await@7.14.5/denonext/plugin-syntax-top-level-await.mjs": "afa65bc53a887c118e49c941d3123b820f2dec4ae357da5a6691a204fd221095",
    "https://esm.sh/v126/@babel/plugin-transform-arrow-functions@7.21.5/denonext/plugin-transform-arrow-functions.mjs": "117a05216a1b1a855ee799b7107f83bb948ca2c6396c89e26a049a08db65f833",
    "https://esm.sh/v126/@babel/plugin-transform-async-to-generator@7.20.7/denonext/plugin-transform-async-to-generator.mjs": "d180c19bfcac59ed89e4f0b24f13d450ef6b1ab04c0229be695a77390542d204",
    "https://esm.sh/v126/@babel/plugin-transform-block-scoped-functions@7.18.6/denonext/plugin-transform-block-scoped-functions.mjs": "1190c5561c85c32228c429c60a051cd609cbf384897b5eff5362a8bdb6c16627",
    "https://esm.sh/v126/@babel/plugin-transform-block-scoping@7.21.0/denonext/plugin-transform-block-scoping.mjs": "9045a5a8813f6c9fc12832fbd9305268ded6fc8798a18ee15daa7a285fee8596",
    "https://esm.sh/v126/@babel/plugin-transform-classes@7.21.0/denonext/plugin-transform-classes.mjs": "f6a95697bda29936843fc12ba3fb5fffbbaad9bfe264c8889483ba058cedbaa6",
    "https://esm.sh/v126/@babel/plugin-transform-computed-properties@7.21.5/denonext/plugin-transform-computed-properties.mjs": "6b01e824cc3bf91dc8bd028c8dfe3de51fc680bf3a576096206a0e46a8777083",
    "https://esm.sh/v126/@babel/plugin-transform-destructuring@7.21.3/denonext/plugin-transform-destructuring.mjs": "d9a23032f4baf5de1aa7736785ba2a9c53a8fe2b2fc691b1039d3d9601879c81",
    "https://esm.sh/v126/@babel/plugin-transform-dotall-regex@7.18.6/denonext/plugin-transform-dotall-regex.mjs": "f575533dc589f4551b22f6d34cf25365a33192ea13543efaa20767a459bad1d9",
    "https://esm.sh/v126/@babel/plugin-transform-duplicate-keys@7.18.9/denonext/plugin-transform-duplicate-keys.mjs": "127548fe652304df18d101c25650c3babc601afd16b3dd51cd9e782cc71a0d0e",
    "https://esm.sh/v126/@babel/plugin-transform-exponentiation-operator@7.18.6/denonext/plugin-transform-exponentiation-operator.mjs": "d4bb78e6e21d6ea1e88822f84fc2fc80adf0a479c64610048beb68f4ff6f725e",
    "https://esm.sh/v126/@babel/plugin-transform-for-of@7.21.5/denonext/plugin-transform-for-of.mjs": "4b6cabf771cfbbb65c0b463707bd7755dc4a57040e335e0d6c7bae198b402635",
    "https://esm.sh/v126/@babel/plugin-transform-function-name@7.18.9/denonext/plugin-transform-function-name.mjs": "6aedf277a14f11907aa602d5ab04959feff85a99c7048638ae429a51798451f6",
    "https://esm.sh/v126/@babel/plugin-transform-literals@7.18.9/denonext/plugin-transform-literals.mjs": "b6a3c0fcb6a23f5f4d0fdf77c864cd15c061ae704b95ce6d7dfa69977ecad62b",
    "https://esm.sh/v126/@babel/plugin-transform-member-expression-literals@7.18.6/denonext/plugin-transform-member-expression-literals.mjs": "85a17311199dbda97d74e7b94952fafebe2b764c45887b78d7974290dc3c5a21",
    "https://esm.sh/v126/@babel/plugin-transform-modules-amd@7.20.11/denonext/plugin-transform-modules-amd.mjs": "8217c8fe0dd0d7cb2578bafd95589cb051675f4062c874faaa136765c08b74bf",
    "https://esm.sh/v126/@babel/plugin-transform-modules-commonjs@7.22.5/denonext/plugin-transform-modules-commonjs.mjs": "dd3dd71435293fdfa724361391cb02ceeaa3e516d9ff8664768235f1e9280e7a",
    "https://esm.sh/v126/@babel/plugin-transform-modules-systemjs@7.22.3/denonext/plugin-transform-modules-systemjs.mjs": "58aca411a97142a10c497f24242a0a03e802a3fa262df194744b381ea3c75b47",
    "https://esm.sh/v126/@babel/plugin-transform-modules-umd@7.18.6/denonext/plugin-transform-modules-umd.mjs": "e6242dbe72c0620a95339965e0a7e1ba4f756f66a1b8dc22c79f26d3902b7db8",
    "https://esm.sh/v126/@babel/plugin-transform-named-capturing-groups-regex@7.22.3/denonext/plugin-transform-named-capturing-groups-regex.mjs": "39d93a9aa7942db6220ed0f59829b4247bfc1a88d37dae60a02a53eddaba1f49",
    "https://esm.sh/v126/@babel/plugin-transform-new-target@7.22.3/denonext/plugin-transform-new-target.mjs": "6d1a9c07801fc777f41abfd133aa881275e2e3167275d77f0270168e832ef3ff",
    "https://esm.sh/v126/@babel/plugin-transform-object-super@7.18.6/denonext/plugin-transform-object-super.mjs": "e2654b2d09281a72c80665ceb4cc369f515afee5a67cf44601ba50fdcf121b89",
    "https://esm.sh/v126/@babel/plugin-transform-optional-chaining@7.22.3/denonext/plugin-transform-optional-chaining.mjs": "311fd9650a1a559bd708eab97e45a96ea9a1e20c1525357436788ca7062bfc2f",
    "https://esm.sh/v126/@babel/plugin-transform-parameters@7.22.3/denonext/plugin-transform-parameters.mjs": "e42ba49fd09fd8c4dce6ad6d855761bccb5eb76b235d711d84d6efc6c5e45590",
    "https://esm.sh/v126/@babel/plugin-transform-property-literals@7.18.6/denonext/plugin-transform-property-literals.mjs": "eeb847d3947dd299b17f6bc753eb527d984d3d5cf161a011f24b3389c87416fa",
    "https://esm.sh/v126/@babel/plugin-transform-regenerator@7.21.5/denonext/plugin-transform-regenerator.mjs": "fe0cf65b27be2971ecbd1523ff13b844a35ef152814a061cff6b3a83ea30b162",
    "https://esm.sh/v126/@babel/plugin-transform-reserved-words@7.18.6/denonext/plugin-transform-reserved-words.mjs": "71101fffa3c846704e94d46ac74302e62e21c29a1274aeac4ff3cc1d1c801088",
    "https://esm.sh/v126/@babel/plugin-transform-shorthand-properties@7.18.6/denonext/plugin-transform-shorthand-properties.mjs": "939b1aede8fa8ba19e4f119240b226ed3a603e77ef7cae492554c7ea3d08f3ae",
    "https://esm.sh/v126/@babel/plugin-transform-spread@7.20.7/denonext/plugin-transform-spread.mjs": "6dc885fbe09fe187f92dcb75ccd1d256bd323db1d6aaa9f010eef5a10337262c",
    "https://esm.sh/v126/@babel/plugin-transform-sticky-regex@7.18.6/denonext/plugin-transform-sticky-regex.mjs": "821cde74b9aceec62b44fdaa07aeb4a7415422a7b58049122e36de77ef39c279",
    "https://esm.sh/v126/@babel/plugin-transform-template-literals@7.18.9/denonext/plugin-transform-template-literals.mjs": "4d211dc926c0f557ebb7838550a764e67951fe66f8ec5aa4cc59bfb31cee39b5",
    "https://esm.sh/v126/@babel/plugin-transform-typeof-symbol@7.18.9/denonext/plugin-transform-typeof-symbol.mjs": "76bc4386b73b168dfe5e81f68f2ccb81906cee2debca86112840b93546eee36c",
    "https://esm.sh/v126/@babel/plugin-transform-unicode-escapes@7.21.5/denonext/plugin-transform-unicode-escapes.mjs": "864abc8b8a0bafafe447330843a613fac9a854e21ce7bf86516f2a7ba3d2096f",
    "https://esm.sh/v126/@babel/plugin-transform-unicode-regex@7.18.6/denonext/plugin-transform-unicode-regex.mjs": "6d9db77e488be1bdf5eda01b35a7633331d980bb02c84156b2fcf021ec3ef891",
    "https://esm.sh/v126/@babel/preset-env@7.20.2/denonext/preset-env.mjs": "17fadcef3af39b9197f4d50ebcf877dd94018ce274a219889aa62ed7935a3758",
    "https://esm.sh/v126/@babel/preset-modules@0.1.5/denonext/lib/plugins/transform-async-arrows-in-class.js": "bc17916ae7219f579264c56412efbec1a8d82ca739f887c1662a9da7c5129691",
    "https://esm.sh/v126/@babel/preset-modules@0.1.5/denonext/lib/plugins/transform-edge-default-parameters.js": "e3f0bd4ebc09042f50c3fce09b952b93e36d401c7e3c1e65f0e7b403da51dc09",
    "https://esm.sh/v126/@babel/preset-modules@0.1.5/denonext/lib/plugins/transform-edge-function-name.js": "df529d1fc6ab45164351429575c25aa4e874e0c72e8fc27a963837f0f57a8c2a",
    "https://esm.sh/v126/@babel/preset-modules@0.1.5/denonext/lib/plugins/transform-safari-block-shadowing.js": "37e5cebc1640faf6cf975f209e459b81025e8e7f2e6ee2af06b4dd5fc02e75e9",
    "https://esm.sh/v126/@babel/preset-modules@0.1.5/denonext/lib/plugins/transform-safari-for-shadowing.js": "8cc98594d30b8e24bc74f8d4f3bc65fa924ce18fff2599b31a25d295bf49e90d",
    "https://esm.sh/v126/@babel/preset-modules@0.1.5/denonext/lib/plugins/transform-tagged-template-caching.js": "e38afe16dd5f7b8eadc269a81a9d95f87a7fd445a4102c0766588c76585dd827",
    "https://esm.sh/v126/@babel/regjsgen@0.8.0/denonext/regjsgen.mjs": "479dc940a66625e7cf1e08a98d0230a592474394886ccc7fe57aa1924ca5637b",
    "https://esm.sh/v126/@babel/runtime@7.22.5/denonext/helpers/interopRequireDefault.js": "31e353f9b558ea5cd75731cb6cc440e3a13a8922e0817c4bd65df958955959ec",
    "https://esm.sh/v126/@babel/template@7.22.5/denonext/template.mjs": "9e1615f46a29a648c2e1289037b1057c7f1c2397c045c85f30fd045e5d2a8f98",
    "https://esm.sh/v126/@babel/traverse@7.22.5/denonext/traverse.mjs": "5a2f793b660572a6c4a668cf427ddd8ed531b4df47c665e500ffa11e505eb2d1",
    "https://esm.sh/v126/@babel/types@7.22.5/denonext/types.mjs": "608008e3e2d6f2c4c8ebab09af823bf2bbe99947089af3783c7847d4cbe32ec9",
    "https://esm.sh/v126/@jridgewell/gen-mapping@0.3.3/denonext/gen-mapping.mjs": "184fcf6e0e60a8143a425e2764afa33769b8a66643426989bf78268a948aac6d",
    "https://esm.sh/v126/@jridgewell/resolve-uri@3.1.0/denonext/resolve-uri.mjs": "1e534e46a1bd915ac7067defcdc5ab6f5046ac4baa5cb8c93a6d439bcd7d8f87",
    "https://esm.sh/v126/@jridgewell/set-array@1.1.2/denonext/set-array.mjs": "4dff7fc6a60e797386c01a75afe612bbe573e4b8bc58d44acaf4eabae6a2aadb",
    "https://esm.sh/v126/@jridgewell/sourcemap-codec@1.4.14/denonext/sourcemap-codec.mjs": "6e249212479397ac196c1a2e6a60c54667ccd36a645746157f71c5fc7eda2081",
    "https://esm.sh/v126/@jridgewell/sourcemap-codec@1.4.15/denonext/sourcemap-codec.mjs": "df769d0b7f4ed87775e54187165b9c8f8703312ceed6a45904027254b0dd4380",
    "https://esm.sh/v126/@jridgewell/trace-mapping@0.3.18/denonext/trace-mapping.mjs": "26ddc03c93742af0cd334622ce0980c048135cfa9bee49a0bf111c2e4230f7ab",
    "https://esm.sh/v126/ansi-styles@3.2.1/denonext/ansi-styles.mjs": "8d50640de0a3d907d135be9dd42caddbc5783c758fd1eaefb6378856ecaff2ce",
    "https://esm.sh/v126/babel-plugin-polyfill-corejs2@0.3.3/denonext/babel-plugin-polyfill-corejs2.mjs": "ac392b149bb6256474cdda0a4e6de3d9ba980a2f007fcf1ae8a609f131051042",
    "https://esm.sh/v126/babel-plugin-polyfill-corejs3@0.6.0/denonext/babel-plugin-polyfill-corejs3.mjs": "1cb51e9a047076a9b139090db6e07c77a76f0a136f8f3996e57f60ef2aa7021d",
    "https://esm.sh/v126/babel-plugin-polyfill-regenerator@0.4.1/denonext/babel-plugin-polyfill-regenerator.mjs": "ea03df4504258ba31d199d70175a8df1c6c57eeb84ce06ab0a4807a9607dc6ad",
    "https://esm.sh/v126/browserslist@4.21.8/denonext/browserslist.mjs": "2b8d69f0d5f8968e92c27fad1706459e754e00e42ce3ec7f9c2c265f6305c4f4",
    "https://esm.sh/v126/caniuse-lite@1.0.30001502/denonext/data/agents.js": "7258f7396173985b2df2776fafa6118eb26ad52d9c0c5de52d2ca6dc0ac16b1c",
    "https://esm.sh/v126/caniuse-lite@1.0.30001502/denonext/data/browserVersions.js": "5c2d37804b2fd3b775cbc237a5cb12647780667b90e8a127b468ce136970823a",
    "https://esm.sh/v126/caniuse-lite@1.0.30001502/denonext/data/browsers.js": "81c004f1edf6d2e148ad56842895084b59d04cece4bb3f32f1dd308944131c98",
    "https://esm.sh/v126/caniuse-lite@1.0.30001502/denonext/dist/unpacker/agents.js": "5e094ba51624c03bbd764ca81b1c78f1b151526e31a3dfc02faf4bc99ae74b03",
    "https://esm.sh/v126/caniuse-lite@1.0.30001502/denonext/dist/unpacker/browserVersions.js": "99f6a3484abc3645f8cef76afd392b85a661be75e2aadbf0f9f167198b683fbc",
    "https://esm.sh/v126/caniuse-lite@1.0.30001502/denonext/dist/unpacker/browsers.js": "411c7f452ea2cc000b0fe473ca5aec6cccc4b007ce9f2f9dd5b609e22a4ed568",
    "https://esm.sh/v126/chalk@2.4.2/denonext/chalk.mjs": "1fd0cfcf07165b4c9db060ca70ffa81f0354799aa3b2a6e3a198c159fa9f535a",
    "https://esm.sh/v126/color-convert@1.9.3/denonext/color-convert.mjs": "214849b388c11e31ed5a8881c150e628e104e49e262b82ff98eba9a3453211bb",
    "https://esm.sh/v126/color-name@1.1.3/denonext/color-name.mjs": "d861d17556df4a55292f42fb6d550d762869c8b84dcf5ad7f0d403945e125086",
    "https://esm.sh/v126/convert-source-map@1.9.0/denonext/convert-source-map.mjs": "ff65cfa766bf8164421d98994938f2961f27cc1ef7114c68775ae16f71201b23",
    "https://esm.sh/v126/core-js-compat@3.30.2/denonext/data.js": "6812d8616fed0ba959c800cf42d35c369f83f60b6b4e4787d504d261e0cc2281",
    "https://esm.sh/v126/core-js-compat@3.30.2/denonext/data.json.js": "8027dbd34acd6e5ebf49f4e276ab9d7cb9809301ea041fb441c41713741eeb8b",
    "https://esm.sh/v126/core-js-compat@3.30.2/denonext/entries.js": "0f98d417d124dcaedadb4bc3cbb2f6d193690fd353db4ce87b5ae2ee6c77ae21",
    "https://esm.sh/v126/core-js-compat@3.30.2/denonext/get-modules-list-for-target-version.js": "de04b204c82e6068b63cef9cb53a5ee28e5293fd54dbd5ab2e1866de03fb21e1",
    "https://esm.sh/v126/core-js-compat@3.30.2/denonext/helpers.js": "d3e984f645b83bf2edee039adad074826d725f5e08d174800c7c5f22b55f90de",
    "https://esm.sh/v126/core-js-compat@3.30.2/denonext/modules-by-versions.js": "c67d1cf400b331f95f668fcb9a983ffd53bb9e530417a937469df99905485266",
    "https://esm.sh/v126/core-js-compat@3.30.2/denonext/modules.js": "6cada3d4e3f44e25ba68a99208a63653f9c0967b8fb81d3daf7289ad4a991f9c",
    "https://esm.sh/v126/debug@4.3.4/denonext/debug.mjs": "16ad954fc2748e2253fc6ceb9b925be5a2a319099ee8aab58b9265e959e965aa",
    "https://esm.sh/v126/electron-to-chromium@1.4.428/denonext/versions.js": "4ccb4b8aebe3c532eb453cee19996081709198d3fd1d09168a1bbd3e011572bd",
    "https://esm.sh/v126/escape-string-regexp@1.0.5/denonext/escape-string-regexp.mjs": "51de6a8a3f3b493da11d68ecafefb2cc85d87f1bab101d134865365beba82a46",
    "https://esm.sh/v126/gensync@1.0.0-beta.2/denonext/gensync.mjs": "70a679a15b3b9025f0d409ec7782b8a64db56ab794a45a214a3886f15a41b39a",
    "https://esm.sh/v126/globals@11.12.0/denonext/globals.mjs": "859a6be8f3251cb7d8eab1618604d18ddfda864ae70087eb96f7e35c7864d5aa",
    "https://esm.sh/v126/js-tokens@4.0.0/denonext/js-tokens.mjs": "d2c30e7daaed4431a534b7f7414024aec0b561b60346bba0b4ddcc5643b92b19",
    "https://esm.sh/v126/jsesc@2.5.2/denonext/jsesc.mjs": "bac752e61940a3ce99d6da3caf1b838dc95143f4ccfdb0d704c19e3e59f4ff13",
    "https://esm.sh/v126/lru-cache@5.1.1/denonext/lru-cache.mjs": "73ebcf721fc58bedcf1349df2dbe1df9e16516ecfd2583d4d0da6182bf041d35",
    "https://esm.sh/v126/ms@2.1.2/denonext/ms.mjs": "aa4dc45ba72554c5011168f8910cc646c37af53cfff1a15a4decced838b8eb14",
    "https://esm.sh/v126/node-releases@2.0.12/denonext/data/processed/envs.json.js": "a38c07b4710bf465f0ab41fc2fe5fdee9181eb22ab99681e2de0f0f089f6b940",
    "https://esm.sh/v126/node-releases@2.0.12/denonext/data/release-schedule/release-schedule.json.js": "cbb44d5ae6c928b4b93aa048242368bb7bfcabe573ba421fd0904e8bc60d6f06",
    "https://esm.sh/v126/regenerate@1.4.2/denonext/regenerate.mjs": "263f77ea04b04c9caef97238dcb58c566ba2e786819a18447eb0306f1c72eba2",
    "https://esm.sh/v126/regenerator-transform@0.15.1/denonext/regenerator-transform.mjs": "f9275a26777b70b4e80ad0cfd64b2e087abf9b43b0037d55e8158a98d1dd729c",
    "https://esm.sh/v126/regexpu-core@5.3.2/denonext/regexpu-core.mjs": "a053c3bed43e684f9e16e533cbba6f32b1ed89c4e6908fa0f48ad59dc9eec54a",
    "https://esm.sh/v126/regjsparser@0.9.1/denonext/regjsparser.mjs": "3b7fb7b1e4caea1495cd9c9987a36651e8a7e23f901046ad873bee67f97a3721",
    "https://esm.sh/v126/semver@6.3.0/denonext/semver.mjs": "b9aeb2f0290cb30168e592efa4cb2cc0790a077722db99e6dd74f090e4998e7e",
    "https://esm.sh/v126/supports-color@5.5.0/denonext/supports-color.mjs": "71b282892b66cacbf5b14d08abfe8296b1a062f51052ac8ae6cd5151deed430b",
    "https://esm.sh/v126/to-fast-properties@2.0.0/denonext/to-fast-properties.mjs": "ffa9a6b8fb95dcdb30f51e9185b030fff6ae60e9082f1ad4946c05d7d2d2158b",
    "https://esm.sh/v126/unicode-canonical-property-names-ecmascript@2.0.0/denonext/unicode-canonical-property-names-ecmascript.mjs": "8409aa0a79dbc8613b57f92734d4833f4e82302e5126dcc1289f985e4f611ebc",
    "https://esm.sh/v126/unicode-match-property-ecmascript@2.0.0/denonext/unicode-match-property-ecmascript.mjs": "941a3a8572de41e4309c38378df1e3bc8394a8d2eb139fb3aa43a3efac589a4d",
    "https://esm.sh/v126/unicode-match-property-value-ecmascript@2.1.0/denonext/unicode-match-property-value-ecmascript.mjs": "5b8585705e3df878c38be00a32964962e6541071a9979b38743b5d662bb405c2",
    "https://esm.sh/v126/unicode-property-aliases-ecmascript@2.1.0/denonext/unicode-property-aliases-ecmascript.mjs": "02f925be15d2bd7e753974fff28041bf5d25e2ea7a585f6e8436af87618343fe",
    "https://esm.sh/v126/yallist@3.1.1/denonext/yallist.mjs": "135e6b43cebdb5dfebed30606466818fb119898227e91fd2d5acf1b6b4bc9adc"
  },
  "npm": {
    "specifiers": {
      "@rollup/plugin-babel@6.0.3": "@rollup/plugin-babel@6.0.3_@babel+core@7.22.5_rollup@3.13.0",
      "rollup@3.13.0": "rollup@3.13.0",
      "terser@5.16.1": "terser@5.16.1"
    },
    "packages": {
      "@ampproject/remapping@2.2.1": {
        "integrity": "sha512-lFMjJTrFL3j7L9yBxwYfCq2k6qqwHyzuUl/XBnif78PWTJYyL/dfowQHWE3sp6U6ZzqWiiIZnpTMO96zhkjwtg==",
        "dependencies": {
          "@jridgewell/gen-mapping": "@jridgewell/gen-mapping@0.3.3",
          "@jridgewell/trace-mapping": "@jridgewell/trace-mapping@0.3.18"
        }
      },
      "@babel/code-frame@7.22.5": {
        "integrity": "sha512-Xmwn266vad+6DAqEB2A6V/CcZVp62BbwVmcOJc2RPuwih1kw02TjQvWVWlcKGbBPd+8/0V5DEkOcizRGYsspYQ==",
        "dependencies": {
          "@babel/highlight": "@babel/highlight@7.22.5"
        }
      },
      "@babel/compat-data@7.22.5": {
        "integrity": "sha512-4Jc/YuIaYqKnDDz892kPIledykKg12Aw1PYX5i/TY28anJtacvM1Rrr8wbieB9GfEJwlzqT0hUEao0CxEebiDA==",
        "dependencies": {}
      },
      "@babel/core@7.22.5": {
        "integrity": "sha512-SBuTAjg91A3eKOvD+bPEz3LlhHZRNu1nFOVts9lzDJTXshHTjII0BAtDS3Y2DAkdZdDKWVZGVwkDfc4Clxn1dg==",
        "dependencies": {
          "@ampproject/remapping": "@ampproject/remapping@2.2.1",
          "@babel/code-frame": "@babel/code-frame@7.22.5",
          "@babel/generator": "@babel/generator@7.22.5",
          "@babel/helper-compilation-targets": "@babel/helper-compilation-targets@7.22.5_@babel+core@7.22.5",
          "@babel/helper-module-transforms": "@babel/helper-module-transforms@7.22.5",
          "@babel/helpers": "@babel/helpers@7.22.5",
          "@babel/parser": "@babel/parser@7.22.5",
          "@babel/template": "@babel/template@7.22.5",
          "@babel/traverse": "@babel/traverse@7.22.5",
          "@babel/types": "@babel/types@7.22.5",
          "convert-source-map": "convert-source-map@1.9.0",
          "debug": "debug@4.3.4",
          "gensync": "gensync@1.0.0-beta.2",
          "json5": "json5@2.2.3",
          "semver": "semver@6.3.0"
        }
      },
      "@babel/generator@7.22.5": {
        "integrity": "sha512-+lcUbnTRhd0jOewtFSedLyiPsD5tswKkbgcezOqqWFUVNEwoUTlpPOBmvhG7OXWLR4jMdv0czPGH5XbflnD1EA==",
        "dependencies": {
          "@babel/types": "@babel/types@7.22.5",
          "@jridgewell/gen-mapping": "@jridgewell/gen-mapping@0.3.3",
          "@jridgewell/trace-mapping": "@jridgewell/trace-mapping@0.3.18",
          "jsesc": "jsesc@2.5.2"
        }
      },
      "@babel/helper-compilation-targets@7.22.5_@babel+core@7.22.5": {
        "integrity": "sha512-Ji+ywpHeuqxB8WDxraCiqR0xfhYjiDE/e6k7FuIaANnoOFxAHskHChz4vA1mJC9Lbm01s1PVAGhQY4FUKSkGZw==",
        "dependencies": {
          "@babel/compat-data": "@babel/compat-data@7.22.5",
          "@babel/core": "@babel/core@7.22.5",
          "@babel/helper-validator-option": "@babel/helper-validator-option@7.22.5",
          "browserslist": "browserslist@4.21.9",
          "lru-cache": "lru-cache@5.1.1",
          "semver": "semver@6.3.0"
        }
      },
      "@babel/helper-environment-visitor@7.22.5": {
        "integrity": "sha512-XGmhECfVA/5sAt+H+xpSg0mfrHq6FzNr9Oxh7PSEBBRUb/mL7Kz3NICXb194rCqAEdxkhPT1a88teizAFyvk8Q==",
        "dependencies": {}
      },
      "@babel/helper-function-name@7.22.5": {
        "integrity": "sha512-wtHSq6jMRE3uF2otvfuD3DIvVhOsSNshQl0Qrd7qC9oQJzHvOL4qQXlQn2916+CXGywIjpGuIkoyZRRxHPiNQQ==",
        "dependencies": {
          "@babel/template": "@babel/template@7.22.5",
          "@babel/types": "@babel/types@7.22.5"
        }
      },
      "@babel/helper-hoist-variables@7.22.5": {
        "integrity": "sha512-wGjk9QZVzvknA6yKIUURb8zY3grXCcOZt+/7Wcy8O2uctxhplmUPkOdlgoNhmdVee2c92JXbf1xpMtVNbfoxRw==",
        "dependencies": {
          "@babel/types": "@babel/types@7.22.5"
        }
      },
      "@babel/helper-module-imports@7.22.5": {
        "integrity": "sha512-8Dl6+HD/cKifutF5qGd/8ZJi84QeAKh+CEe1sBzz8UayBBGg1dAIJrdHOcOM5b2MpzWL2yuotJTtGjETq0qjXg==",
        "dependencies": {
          "@babel/types": "@babel/types@7.22.5"
        }
      },
      "@babel/helper-module-transforms@7.22.5": {
        "integrity": "sha512-+hGKDt/Ze8GFExiVHno/2dvG5IdstpzCq0y4Qc9OJ25D4q3pKfiIP/4Vp3/JvhDkLKsDK2api3q3fpIgiIF5bw==",
        "dependencies": {
          "@babel/helper-environment-visitor": "@babel/helper-environment-visitor@7.22.5",
          "@babel/helper-module-imports": "@babel/helper-module-imports@7.22.5",
          "@babel/helper-simple-access": "@babel/helper-simple-access@7.22.5",
          "@babel/helper-split-export-declaration": "@babel/helper-split-export-declaration@7.22.5",
          "@babel/helper-validator-identifier": "@babel/helper-validator-identifier@7.22.5",
          "@babel/template": "@babel/template@7.22.5",
          "@babel/traverse": "@babel/traverse@7.22.5",
          "@babel/types": "@babel/types@7.22.5"
        }
      },
      "@babel/helper-simple-access@7.22.5": {
        "integrity": "sha512-n0H99E/K+Bika3++WNL17POvo4rKWZ7lZEp1Q+fStVbUi8nxPQEBOlTmCOxW/0JsS56SKKQ+ojAe2pHKJHN35w==",
        "dependencies": {
          "@babel/types": "@babel/types@7.22.5"
        }
      },
      "@babel/helper-split-export-declaration@7.22.5": {
        "integrity": "sha512-thqK5QFghPKWLhAV321lxF95yCg2K3Ob5yw+M3VHWfdia0IkPXUtoLH8x/6Fh486QUvzhb8YOWHChTVen2/PoQ==",
        "dependencies": {
          "@babel/types": "@babel/types@7.22.5"
        }
      },
      "@babel/helper-string-parser@7.22.5": {
        "integrity": "sha512-mM4COjgZox8U+JcXQwPijIZLElkgEpO5rsERVDJTc2qfCDfERyob6k5WegS14SX18IIjv+XD+GrqNumY5JRCDw==",
        "dependencies": {}
      },
      "@babel/helper-validator-identifier@7.22.5": {
        "integrity": "sha512-aJXu+6lErq8ltp+JhkJUfk1MTGyuA4v7f3pA+BJ5HLfNC6nAQ0Cpi9uOquUj8Hehg0aUiHzWQbOVJGao6ztBAQ==",
        "dependencies": {}
      },
      "@babel/helper-validator-option@7.22.5": {
        "integrity": "sha512-R3oB6xlIVKUnxNUxbmgq7pKjxpru24zlimpE8WK47fACIlM0II/Hm1RS8IaOI7NgCr6LNS+jl5l75m20npAziw==",
        "dependencies": {}
      },
      "@babel/helpers@7.22.5": {
        "integrity": "sha512-pSXRmfE1vzcUIDFQcSGA5Mr+GxBV9oiRKDuDxXvWQQBCh8HoIjs/2DlDB7H8smac1IVrB9/xdXj2N3Wol9Cr+Q==",
        "dependencies": {
          "@babel/template": "@babel/template@7.22.5",
          "@babel/traverse": "@babel/traverse@7.22.5",
          "@babel/types": "@babel/types@7.22.5"
        }
      },
      "@babel/highlight@7.22.5": {
        "integrity": "sha512-BSKlD1hgnedS5XRnGOljZawtag7H1yPfQp0tdNJCHoH6AZ+Pcm9VvkrK59/Yy593Ypg0zMxH2BxD1VPYUQ7UIw==",
        "dependencies": {
          "@babel/helper-validator-identifier": "@babel/helper-validator-identifier@7.22.5",
          "chalk": "chalk@2.4.2",
          "js-tokens": "js-tokens@4.0.0"
        }
      },
      "@babel/parser@7.22.5": {
        "integrity": "sha512-DFZMC9LJUG9PLOclRC32G63UXwzqS2koQC8dkx+PLdmt1xSePYpbT/NbsrJy8Q/muXz7o/h/d4A7Fuyixm559Q==",
        "dependencies": {}
      },
      "@babel/template@7.22.5": {
        "integrity": "sha512-X7yV7eiwAxdj9k94NEylvbVHLiVG1nvzCV2EAowhxLTwODV1jl9UzZ48leOC0sH7OnuHrIkllaBgneUykIcZaw==",
        "dependencies": {
          "@babel/code-frame": "@babel/code-frame@7.22.5",
          "@babel/parser": "@babel/parser@7.22.5",
          "@babel/types": "@babel/types@7.22.5"
        }
      },
      "@babel/traverse@7.22.5": {
        "integrity": "sha512-7DuIjPgERaNo6r+PZwItpjCZEa5vyw4eJGufeLxrPdBXBoLcCJCIasvK6pK/9DVNrLZTLFhUGqaC6X/PA007TQ==",
        "dependencies": {
          "@babel/code-frame": "@babel/code-frame@7.22.5",
          "@babel/generator": "@babel/generator@7.22.5",
          "@babel/helper-environment-visitor": "@babel/helper-environment-visitor@7.22.5",
          "@babel/helper-function-name": "@babel/helper-function-name@7.22.5",
          "@babel/helper-hoist-variables": "@babel/helper-hoist-variables@7.22.5",
          "@babel/helper-split-export-declaration": "@babel/helper-split-export-declaration@7.22.5",
          "@babel/parser": "@babel/parser@7.22.5",
          "@babel/types": "@babel/types@7.22.5",
          "debug": "debug@4.3.4",
          "globals": "globals@11.12.0"
        }
      },
      "@babel/types@7.22.5": {
        "integrity": "sha512-zo3MIHGOkPOfoRXitsgHLjEXmlDaD/5KU1Uzuc9GNiZPhSqVxVRtxuPaSBZDsYZ9qV88AjtMtWW7ww98loJ9KA==",
        "dependencies": {
          "@babel/helper-string-parser": "@babel/helper-string-parser@7.22.5",
          "@babel/helper-validator-identifier": "@babel/helper-validator-identifier@7.22.5",
          "to-fast-properties": "to-fast-properties@2.0.0"
        }
      },
      "@jridgewell/gen-mapping@0.3.3": {
        "integrity": "sha512-HLhSWOLRi875zjjMG/r+Nv0oCW8umGb0BgEhyX3dDX3egwZtB8PqLnjz3yedt8R5StBrzcg4aBpnh8UA9D1BoQ==",
        "dependencies": {
          "@jridgewell/set-array": "@jridgewell/set-array@1.1.2",
          "@jridgewell/sourcemap-codec": "@jridgewell/sourcemap-codec@1.4.15",
          "@jridgewell/trace-mapping": "@jridgewell/trace-mapping@0.3.18"
        }
      },
      "@jridgewell/resolve-uri@3.1.0": {
        "integrity": "sha512-F2msla3tad+Mfht5cJq7LSXcdudKTWCVYUgw6pLFOOHSTtZlj6SWNYAp+AhuqLmWdBO2X5hPrLcu8cVP8fy28w==",
        "dependencies": {}
      },
      "@jridgewell/set-array@1.1.2": {
        "integrity": "sha512-xnkseuNADM0gt2bs+BvhO0p78Mk762YnZdsuzFV018NoG1Sj1SCQvpSqa7XUaTam5vAGasABV9qXASMKnFMwMw==",
        "dependencies": {}
      },
      "@jridgewell/source-map@0.3.3": {
        "integrity": "sha512-b+fsZXeLYi9fEULmfBrhxn4IrPlINf8fiNarzTof004v3lFdntdwa9PF7vFJqm3mg7s+ScJMxXaE3Acp1irZcg==",
        "dependencies": {
          "@jridgewell/gen-mapping": "@jridgewell/gen-mapping@0.3.3",
          "@jridgewell/trace-mapping": "@jridgewell/trace-mapping@0.3.18"
        }
      },
      "@jridgewell/sourcemap-codec@1.4.14": {
        "integrity": "sha512-XPSJHWmi394fuUuzDnGz1wiKqWfo1yXecHQMRf2l6hztTO+nPru658AyDngaBe7isIxEkRsPR3FZh+s7iVa4Uw==",
        "dependencies": {}
      },
      "@jridgewell/sourcemap-codec@1.4.15": {
        "integrity": "sha512-eF2rxCRulEKXHTRiDrDy6erMYWqNw4LPdQ8UQA4huuxaQsVeRPFl2oM8oDGxMFhJUWZf9McpLtJasDDZb/Bpeg==",
        "dependencies": {}
      },
      "@jridgewell/trace-mapping@0.3.18": {
        "integrity": "sha512-w+niJYzMHdd7USdiH2U6869nqhD2nbfZXND5Yp93qIbEmnDNk7PD48o+YchRVpzMU7M6jVCbenTR7PA1FLQ9pA==",
        "dependencies": {
          "@jridgewell/resolve-uri": "@jridgewell/resolve-uri@3.1.0",
          "@jridgewell/sourcemap-codec": "@jridgewell/sourcemap-codec@1.4.14"
        }
      },
      "@rollup/plugin-babel@6.0.3_@babel+core@7.22.5_rollup@3.13.0": {
        "integrity": "sha512-fKImZKppa1A/gX73eg4JGo+8kQr/q1HBQaCGKECZ0v4YBBv3lFqi14+7xyApECzvkLTHCifx+7ntcrvtBIRcpg==",
        "dependencies": {
          "@babel/core": "@babel/core@7.22.5",
          "@babel/helper-module-imports": "@babel/helper-module-imports@7.22.5",
          "@rollup/pluginutils": "@rollup/pluginutils@5.0.2_rollup@3.13.0",
          "rollup": "rollup@3.13.0"
        }
      },
      "@rollup/pluginutils@5.0.2_rollup@3.13.0": {
        "integrity": "sha512-pTd9rIsP92h+B6wWwFbW8RkZv4hiR/xKsqre4SIuAOaOEQRxi0lqLke9k2/7WegC85GgUs9pjmOjCUi3In4vwA==",
        "dependencies": {
          "@types/estree": "@types/estree@1.0.1",
          "estree-walker": "estree-walker@2.0.2",
          "picomatch": "picomatch@2.3.1",
          "rollup": "rollup@3.13.0"
        }
      },
      "@types/estree@1.0.1": {
        "integrity": "sha512-LG4opVs2ANWZ1TJoKc937iMmNstM/d0ae1vNbnBvBhqCSezgVUOzcLCqbI5elV8Vy6WKwKjaqR+zO9VKirBBCA==",
        "dependencies": {}
      },
      "acorn@8.9.0": {
        "integrity": "sha512-jaVNAFBHNLXspO543WnNNPZFRtavh3skAkITqD0/2aeMkKZTN+254PyhwxFYrk3vQ1xfY+2wbesJMs/JC8/PwQ==",
        "dependencies": {}
      },
      "ansi-styles@3.2.1": {
        "integrity": "sha512-VT0ZI6kZRdTh8YyJw3SMbYm/u+NqfsAxEpWO0Pf9sq8/e94WxxOpPKx9FR1FlyCtOVDNOQ+8ntlqFxiRc+r5qA==",
        "dependencies": {
          "color-convert": "color-convert@1.9.3"
        }
      },
      "browserslist@4.21.9": {
        "integrity": "sha512-M0MFoZzbUrRU4KNfCrDLnvyE7gub+peetoTid3TBIqtunaDJyXlwhakT+/VkvSXcfIzFfK/nkCs4nmyTmxdNSg==",
        "dependencies": {
          "caniuse-lite": "caniuse-lite@1.0.30001507",
          "electron-to-chromium": "electron-to-chromium@1.4.440",
          "node-releases": "node-releases@2.0.12",
          "update-browserslist-db": "update-browserslist-db@1.0.11_browserslist@4.21.9"
        }
      },
      "buffer-from@1.1.2": {
        "integrity": "sha512-E+XQCRwSbaaiChtv6k6Dwgc+bx+Bs6vuKJHHl5kox/BaKbhiXzqQOwK4cO22yElGp2OCmjwVhT3HmxgyPGnJfQ==",
        "dependencies": {}
      },
      "caniuse-lite@1.0.30001507": {
        "integrity": "sha512-SFpUDoSLCaE5XYL2jfqe9ova/pbQHEmbheDf5r4diNwbAgR3qxM9NQtfsiSscjqoya5K7kFcHPUQ+VsUkIJR4A==",
        "dependencies": {}
      },
      "chalk@2.4.2": {
        "integrity": "sha512-Mti+f9lpJNcwF4tWV8/OrTTtF1gZi+f8FqlyAdouralcFWFQWF2+NgCHShjkCb+IFBLq9buZwE1xckQU4peSuQ==",
        "dependencies": {
          "ansi-styles": "ansi-styles@3.2.1",
          "escape-string-regexp": "escape-string-regexp@1.0.5",
          "supports-color": "supports-color@5.5.0"
        }
      },
      "color-convert@1.9.3": {
        "integrity": "sha512-QfAUtd+vFdAtFQcC8CCyYt1fYWxSqAiK2cSD6zDB8N3cpsEBAvRxp9zOGg6G/SHHJYAT88/az/IuDGALsNVbGg==",
        "dependencies": {
          "color-name": "color-name@1.1.3"
        }
      },
      "color-name@1.1.3": {
        "integrity": "sha512-72fSenhMw2HZMTVHeCA9KCmpEIbzWiQsjN+BHcBbS9vr1mtt+vJjPdksIBNUmKAW8TFUDPJK5SUU3QhE9NEXDw==",
        "dependencies": {}
      },
      "commander@2.20.3": {
        "integrity": "sha512-GpVkmM8vF2vQUkj2LvZmD35JxeJOLCwJ9cUkugyk2nuhbv3+mJvpLYYt+0+USMxE+oj+ey/lJEnhZw75x/OMcQ==",
        "dependencies": {}
      },
      "convert-source-map@1.9.0": {
        "integrity": "sha512-ASFBup0Mz1uyiIjANan1jzLQami9z1PoYSZCiiYW2FczPbenXc45FZdBZLzOT+r6+iciuEModtmCti+hjaAk0A==",
        "dependencies": {}
      },
      "debug@4.3.4": {
        "integrity": "sha512-PRWFHuSU3eDtQJPvnNY7Jcket1j0t5OuOsFzPPzsekD52Zl8qUfFIPEiswXqIvHWGVHOgX+7G/vCNNhehwxfkQ==",
        "dependencies": {
          "ms": "ms@2.1.2"
        }
      },
      "electron-to-chromium@1.4.440": {
        "integrity": "sha512-r6dCgNpRhPwiWlxbHzZQ/d9swfPaEJGi8ekqRBwQYaR3WmA5VkqQfBWSDDjuJU1ntO+W9tHx8OHV/96Q8e0dVw==",
        "dependencies": {}
      },
      "escalade@3.1.1": {
        "integrity": "sha512-k0er2gUkLf8O0zKJiAhmkTnJlTvINGv7ygDNPbeIsX/TJjGJZHuh9B2UxbsaEkmlEo9MfhrSzmhIlhRlI2GXnw==",
        "dependencies": {}
      },
      "escape-string-regexp@1.0.5": {
        "integrity": "sha512-vbRorB5FUQWvla16U8R/qgaFIya2qGzwDrNmCZuYKrbdSUMG6I1ZCGQRefkRVhuOkIGVne7BQ35DSfo1qvJqFg==",
        "dependencies": {}
      },
      "estree-walker@2.0.2": {
        "integrity": "sha512-Rfkk/Mp/DL7JVje3u18FxFujQlTNR2q6QfMSMB7AvCBx91NGj/ba3kCfza0f6dVDbw7YlRf/nDrn7pQrCCyQ/w==",
        "dependencies": {}
      },
      "fsevents@2.3.2": {
        "integrity": "sha512-xiqMQR4xAeHTuB9uWm+fFRcIOgKBMiOBP+eXiyT7jsgVCq1bkVygt00oASowB7EdtpOHaaPgKt812P9ab+DDKA==",
        "dependencies": {}
      },
      "gensync@1.0.0-beta.2": {
        "integrity": "sha512-3hN7NaskYvMDLQY55gnW3NQ+mesEAepTqlg+VEbj7zzqEMBVNhzcGYYeqFo/TlYz6eQiFcp1HcsCZO+nGgS8zg==",
        "dependencies": {}
      },
      "globals@11.12.0": {
        "integrity": "sha512-WOBp/EEGUiIsJSp7wcv/y6MO+lV9UoncWqxuFfm8eBwzWNgyfBd6Gz+IeKQ9jCmyhoH99g15M3T+QaVHFjizVA==",
        "dependencies": {}
      },
      "has-flag@3.0.0": {
        "integrity": "sha512-sKJf1+ceQBr4SMkvQnBDNDtf4TXpVhVGateu0t918bl30FnbE2m4vNLX+VWe/dpjlb+HugGYzW7uQXH98HPEYw==",
        "dependencies": {}
      },
      "js-tokens@4.0.0": {
        "integrity": "sha512-RdJUflcE3cUzKiMqQgsCu06FPu9UdIJO0beYbPhHN4k6apgJtifcoCtT9bcxOpYBtpD2kCM6Sbzg4CausW/PKQ==",
        "dependencies": {}
      },
      "jsesc@2.5.2": {
        "integrity": "sha512-OYu7XEzjkCQ3C5Ps3QIZsQfNpqoJyZZA99wd9aWd05NCtC5pWOkShK2mkL6HXQR6/Cy2lbNdPlZBpuQHXE63gA==",
        "dependencies": {}
      },
      "json5@2.2.3": {
        "integrity": "sha512-XmOWe7eyHYH14cLdVPoyg+GOH3rYX++KpzrylJwSW98t3Nk+U8XOl8FWKOgwtzdb8lXGf6zYwDUzeHMWfxasyg==",
        "dependencies": {}
      },
      "lru-cache@5.1.1": {
        "integrity": "sha512-KpNARQA3Iwv+jTA0utUVVbrh+Jlrr1Fv0e56GGzAFOXN7dk/FviaDW8LHmK52DlcH4WP2n6gI8vN1aesBFgo9w==",
        "dependencies": {
          "yallist": "yallist@3.1.1"
        }
      },
      "ms@2.1.2": {
        "integrity": "sha512-sGkPx+VjMtmA6MX27oA4FBFELFCZZ4S4XqeGOXCv68tT+jb3vk/RyaKWP0PTKyWtmLSM0b+adUTEvbs1PEaH2w==",
        "dependencies": {}
      },
      "node-releases@2.0.12": {
        "integrity": "sha512-QzsYKWhXTWx8h1kIvqfnC++o0pEmpRQA/aenALsL2F4pqNVr7YzcdMlDij5WBnwftRbJCNJL/O7zdKaxKPHqgQ==",
        "dependencies": {}
      },
      "picocolors@1.0.0": {
        "integrity": "sha512-1fygroTLlHu66zi26VoTDv8yRgm0Fccecssto+MhsZ0D/DGW2sm8E8AjW7NU5VVTRt5GxbeZ5qBuJr+HyLYkjQ==",
        "dependencies": {}
      },
      "picomatch@2.3.1": {
        "integrity": "sha512-JU3teHTNjmE2VCGFzuY8EXzCDVwEqB2a8fsIvwaStHhAWJEeVd1o1QD80CU6+ZdEXXSLbSsuLwJjkCBWqRQUVA==",
        "dependencies": {}
      },
      "rollup@3.13.0": {
        "integrity": "sha512-HJwQtrXAc0AmyDohTJ/2c+Bx/sWPScJLlAUJ1kuD7rAkCro8Cr2SnVB2gVYBiSLxpgD2kZ24jbyXtG++GumrYQ==",
        "dependencies": {
          "fsevents": "fsevents@2.3.2"
        }
      },
      "semver@6.3.0": {
        "integrity": "sha512-b39TBaTSfV6yBrapU89p5fKekE2m/NwnDocOVruQFS1/veMgdzuPcnOM34M6CwxW8jH/lxEa5rBoDeUwu5HHTw==",
        "dependencies": {}
      },
      "source-map-support@0.5.21": {
        "integrity": "sha512-uBHU3L3czsIyYXKX88fdrGovxdSCoTGDRZ6SYXtSRxLZUzHg5P/66Ht6uoUlHu9EZod+inXhKo3qQgwXUT/y1w==",
        "dependencies": {
          "buffer-from": "buffer-from@1.1.2",
          "source-map": "source-map@0.6.1"
        }
      },
      "source-map@0.6.1": {
        "integrity": "sha512-UjgapumWlbMhkBgzT7Ykc5YXUT46F0iKu8SGXq0bcwP5dz/h0Plj6enJqjz1Zbq2l5WaqYnrVbwWOWMyF3F47g==",
        "dependencies": {}
      },
      "supports-color@5.5.0": {
        "integrity": "sha512-QjVjwdXIt408MIiAqCX4oUKsgU2EqAGzs2Ppkm4aQYbjm+ZEWEcW4SfFNTr4uMNZma0ey4f5lgLrkB0aX0QMow==",
        "dependencies": {
          "has-flag": "has-flag@3.0.0"
        }
      },
      "terser@5.16.1": {
        "integrity": "sha512-xvQfyfA1ayT0qdK47zskQgRZeWLoOQ8JQ6mIgRGVNwZKdQMU+5FkCBjmv4QjcrTzyZquRw2FVtlJSRUmMKQslw==",
        "dependencies": {
          "@jridgewell/source-map": "@jridgewell/source-map@0.3.3",
          "acorn": "acorn@8.9.0",
          "commander": "commander@2.20.3",
          "source-map-support": "source-map-support@0.5.21"
        }
      },
      "to-fast-properties@2.0.0": {
        "integrity": "sha512-/OaKK0xYrs3DmxRYqL/yDc+FxFUVYhDlXMhRmv3z915w2HF1tnN1omB354j8VUGO/hbRzyD6Y3sA7v7GS/ceog==",
        "dependencies": {}
      },
      "update-browserslist-db@1.0.11_browserslist@4.21.9": {
        "integrity": "sha512-dCwEFf0/oT85M1fHBg4F0jtLwJrutGoHSQXCh7u4o2t1drG+c0a9Flnqww6XUKSfQMPpJBRjU8d4RXB09qtvaA==",
        "dependencies": {
          "browserslist": "browserslist@4.21.9",
          "escalade": "escalade@3.1.1",
          "picocolors": "picocolors@1.0.0"
        }
      },
      "yallist@3.1.1": {
        "integrity": "sha512-a4UGQaWPH59mOXUYnAG2ewncQS4i4F43Tv3JoAM+s2VDAmS9NsK8GpDMLrCHPksFT7h3K6TOoUNn2pb7RoXx4g==",
        "dependencies": {}
      }
    }
  }
}
