{
  "name": "@kittl/tinycolor2",
  "version": "1.6.1",
  "lockfileVersion": 2,
  "requires": true,
  "packages": {
    "": {
      "name": "@kittl/tinycolor2",
      "version": "1.6.1",
      "license": "MIT",
      "devDependencies": {
        "@deno/shim-deno-test": "^0.4.0"
      }
    },
    "node_modules/@deno/shim-deno-test": {
      "version": "0.4.0",
      "resolved": "https://registry.npmjs.org/@deno/shim-deno-test/-/shim-deno-test-0.4.0.tgz",
      "integrity": "sha512-oYWcD7CpERZy/TXMTM9Tgh1HD/POHlbY9WpzmAk+5H8DohcxG415Qws8yLGlim3EaKBT2v3lJv01x4G0BosnaQ==",
      "dev": true
    }
  },
  "dependencies": {
    "@deno/shim-deno-test": {
      "version": "0.4.0",
      "resolved": "https://registry.npmjs.org/@deno/shim-deno-test/-/shim-deno-test-0.4.0.tgz",
      "integrity": "sha512-oYWcD7CpERZy/TXMTM9Tgh1HD/POHlbY9WpzmAk+5H8DohcxG415Qws8yLGlim3EaKBT2v3lJv01x4G0BosnaQ==",
      "dev": true
    }
  }
}
